// !$*UTF8*$!
{
	archiveVersion = 1;
	classes = {
	};
	objectVersion = 46;
	objects = {

/* Begin PBXAggregateTarget section */
		8F9427FD5B97736E6A1DA603 /* ArpeggiatorPlugin - All */ = {
			isa = PBXAggregateTarget;
			buildConfigurationList = 49A40E46AD7C5681D72A38E8 /* Build configuration list for PBXAggregateTarget "ArpeggiatorPlugin - All" */;
			buildPhases = (
			);
			dependencies = (
				F0B8562AA373B2360695229F /* PBXTargetDependency */,
				1D2FAB6AEDC92BF748422E6D /* PBXTargetDependency */,
				8A207F4E7D70FC22E5AF3997 /* PBXTargetDependency */,
				15787F9C359207F0B4938903 /* PBXTargetDependency */,
			);
			name = "ArpeggiatorPlugin - All";
			productName = ArpeggiatorPlugin;
		};
/* End PBXAggregateTarget section */

/* Begin PBXBuildFile section */
		1DFD850AF889FB8EFC728C6C /* include_juce_audio_plugin_client_VST3.cpp in Sources */ = {isa = PBXBuildFile; fileRef = EFA264AC760589681E9B87DA /* include_juce_audio_plugin_client_VST3.cpp */; };
		21CE2543AEF84ED178C66F8D /* CoreMIDI.framework in Frameworks */ = {isa = PBXBuildFile; fileRef = D54F2D4FDD45918F2B2E0A59 /* CoreMIDI.framework */; };
		2F61208FC1BF56FBE72240FA /* include_juce_audio_processors.mm in Sources */ = {isa = PBXBuildFile; fileRef = 7E9C4641AEA4D76E06551228 /* include_juce_audio_processors.mm */; };
		314B7376F8F5430119F3F564 /* include_juce_audio_plugin_client_AU.r in Rez */ = {isa = PBXBuildFile; fileRef = 0ABE3C87BE0A79FD9EC2EB7D /* include_juce_audio_plugin_client_AU.r */; };
		41DB49A50F0E22A63F2F89ED /* include_juce_core.mm in Sources */ = {isa = PBXBuildFile; fileRef = 9F2E3E29F87A1F6B40551368 /* include_juce_core.mm */; };
		47B1FFD210CC530C3B55156D /* include_juce_audio_plugin_client_VST_utils.mm in Sources */ = {isa = PBXBuildFile; fileRef = C643B4390D8C87F66DEB2CC8 /* include_juce_audio_plugin_client_VST_utils.mm */; };
		4B6F4097B595C81461BF2715 /* include_juce_audio_devices.mm in Sources */ = {isa = PBXBuildFile; fileRef = 50146D66E44A6B63F0478FE0 /* include_juce_audio_devices.mm */; };
		5DA036DD4BC79B50BDF05EF4 /* Accelerate.framework in Frameworks */ = {isa = PBXBuildFile; fileRef = E8F99AB653A91D3E43559070 /* Accelerate.framework */; };
		5EA42A3EB166FACC1B34F2A3 /* include_juce_gui_basics.mm in Sources */ = {isa = PBXBuildFile; fileRef = 6BD505AF1E140E77C32772BD /* include_juce_gui_basics.mm */; };
		64E6943924BA005A003A3984 /* RecentFilesMenuTemplate.nib in Resources */ = {isa = PBXBuildFile; fileRef = D50C4CB613DDA0040D355E45 /* RecentFilesMenuTemplate.nib */; };
		64E6943A24BA005A003A3984 /* Accelerate.framework in Frameworks */ = {isa = PBXBuildFile; fileRef = E8F99AB653A91D3E43559070 /* Accelerate.framework */; };
		64E6943B24BA005A003A3984 /* AudioToolbox.framework in Frameworks */ = {isa = PBXBuildFile; fileRef = 7B417BF46E6BE6F17B84F5BE /* AudioToolbox.framework */; };
		64E6943C24BA005A003A3984 /* Carbon.framework in Frameworks */ = {isa = PBXBuildFile; fileRef = 567F9C4514A55C7DE5AF53C1 /* Carbon.framework */; };
		64E6943D24BA005A003A3984 /* Cocoa.framework in Frameworks */ = {isa = PBXBuildFile; fileRef = 33F5056FE02E8B842AAF305A /* Cocoa.framework */; };
		64E6943E24BA005A003A3984 /* CoreAudio.framework in Frameworks */ = {isa = PBXBuildFile; fileRef = 180FC8FB530B9EC2D3FDE8CB /* CoreAudio.framework */; };
		64E6943F24BA005A003A3984 /* CoreAudioKit.framework in Frameworks */ = {isa = PBXBuildFile; fileRef = 05952A1659AAB6502E298108 /* CoreAudioKit.framework */; };
		64E6944024BA005A003A3984 /* CoreMIDI.framework in Frameworks */ = {isa = PBXBuildFile; fileRef = D54F2D4FDD45918F2B2E0A59 /* CoreMIDI.framework */; };
		64E6944124BA005A003A3984 /* DiscRecording.framework in Frameworks */ = {isa = PBXBuildFile; fileRef = AFC0845F0705D59EFAACD614 /* DiscRecording.framework */; };
		64E6944224BA005A003A3984 /* IOKit.framework in Frameworks */ = {isa = PBXBuildFile; fileRef = DE6EFF6D3113C09024633BAE /* IOKit.framework */; };
		64E6944324BA005A003A3984 /* QuartzCore.framework in Frameworks */ = {isa = PBXBuildFile; fileRef = 85E664E7F3C7C23BC32256EB /* QuartzCore.framework */; };
		64E6944424BA005A003A3984 /* WebKit.framework in Frameworks */ = {isa = PBXBuildFile; fileRef = C68C05C0DEDB4F671B90AB83 /* WebKit.framework */; };
		64E6944524BA005A003A3984 /* RecentFilesMenuTemplate.nib in Resources */ = {isa = PBXBuildFile; fileRef = D50C4CB613DDA0040D355E45 /* RecentFilesMenuTemplate.nib */; };
		64E6944624BA005A003A3984 /* Accelerate.framework in Frameworks */ = {isa = PBXBuildFile; fileRef = E8F99AB653A91D3E43559070 /* Accelerate.framework */; };
		64E6944724BA005A003A3984 /* AudioToolbox.framework in Frameworks */ = {isa = PBXBuildFile; fileRef = 7B417BF46E6BE6F17B84F5BE /* AudioToolbox.framework */; };
		64E6944824BA005A003A3984 /* Carbon.framework in Frameworks */ = {isa = PBXBuildFile; fileRef = 567F9C4514A55C7DE5AF53C1 /* Carbon.framework */; };
		64E6944924BA005A003A3984 /* Cocoa.framework in Frameworks */ = {isa = PBXBuildFile; fileRef = 33F5056FE02E8B842AAF305A /* Cocoa.framework */; };
		64E6944A24BA005A003A3984 /* CoreAudio.framework in Frameworks */ = {isa = PBXBuildFile; fileRef = 180FC8FB530B9EC2D3FDE8CB /* CoreAudio.framework */; };
		64E6944B24BA005A003A3984 /* CoreAudioKit.framework in Frameworks */ = {isa = PBXBuildFile; fileRef = 05952A1659AAB6502E298108 /* CoreAudioKit.framework */; };
		64E6944C24BA005A003A3984 /* CoreMIDI.framework in Frameworks */ = {isa = PBXBuildFile; fileRef = D54F2D4FDD45918F2B2E0A59 /* CoreMIDI.framework */; };
		64E6944D24BA005A003A3984 /* DiscRecording.framework in Frameworks */ = {isa = PBXBuildFile; fileRef = AFC0845F0705D59EFAACD614 /* DiscRecording.framework */; };
		64E6944E24BA005A003A3984 /* IOKit.framework in Frameworks */ = {isa = PBXBuildFile; fileRef = DE6EFF6D3113C09024633BAE /* IOKit.framework */; };
		64E6944F24BA005A003A3984 /* QuartzCore.framework in Frameworks */ = {isa = PBXBuildFile; fileRef = 85E664E7F3C7C23BC32256EB /* QuartzCore.framework */; };
		64E6945024BA005A003A3984 /* WebKit.framework in Frameworks */ = {isa = PBXBuildFile; fileRef = C68C05C0DEDB4F671B90AB83 /* WebKit.framework */; };
		65CF03569E76A1BD66B29657 /* Carbon.framework in Frameworks */ = {isa = PBXBuildFile; fileRef = 567F9C4514A55C7DE5AF53C1 /* Carbon.framework */; };
		73479A2EF93DD3BBE3D10CD4 /* RecentFilesMenuTemplate.nib in Resources */ = {isa = PBXBuildFile; fileRef = D50C4CB613DDA0040D355E45 /* RecentFilesMenuTemplate.nib */; };
		755AF8B7EE7F032F084F0BA9 /* include_juce_audio_plugin_client_Standalone.cpp in Sources */ = {isa = PBXBuildFile; fileRef = 147B70A99AD0754620AE2BFE /* include_juce_audio_plugin_client_Standalone.cpp */; };
		765CFC096AE6D58A89917F75 /* IOKit.framework in Frameworks */ = {isa = PBXBuildFile; fileRef = DE6EFF6D3113C09024633BAE /* IOKit.framework */; };
		76A3AABCF2FA426FD81AB6ED /* include_juce_gui_extra.mm in Sources */ = {isa = PBXBuildFile; fileRef = AEA9C9348AB794E23A8E53E4 /* include_juce_gui_extra.mm */; };
		7F3505E2C69CB3D7D6AE1062 /* QuartzCore.framework in Frameworks */ = {isa = PBXBuildFile; fileRef = 85E664E7F3C7C23BC32256EB /* QuartzCore.framework */; };
		8031F81F6B0CB2E9931A9EC8 /* include_juce_audio_basics.mm in Sources */ = {isa = PBXBuildFile; fileRef = 4855991310130867CFC9B35A /* include_juce_audio_basics.mm */; };
		80AFC0896182A5ABF79111D3 /* include_juce_audio_plugin_client_AU_1.mm in Sources */ = {isa = PBXBuildFile; fileRef = E155C0CEFE9FD7F82CE3FD95 /* include_juce_audio_plugin_client_AU_1.mm */; };
		834158649723D5C06603F5D1 /* include_juce_data_structures.mm in Sources */ = {isa = PBXBuildFile; fileRef = 3F6FD029E17D3354F0CADB21 /* include_juce_data_structures.mm */; };
		845536BC0ED13F855B992B9B /* include_juce_audio_formats.mm in Sources */ = {isa = PBXBuildFile; fileRef = BBD9E37F29B5FCE363438FDD /* include_juce_audio_formats.mm */; };
		8A1ECBD16E801EB7D46820FD /* include_juce_audio_utils.mm in Sources */ = {isa = PBXBuildFile; fileRef = B1D6705D97FF4ECD3BEBBF07 /* include_juce_audio_utils.mm */; };
		8DA888CEC9FFDC6D65957656 /* CoreAudioKit.framework in Frameworks */ = {isa = PBXBuildFile; fileRef = 05952A1659AAB6502E298108 /* CoreAudioKit.framework */; };
		94C19613C6CFB9CFAFB5A0CF /* Cocoa.framework in Frameworks */ = {isa = PBXBuildFile; fileRef = 33F5056FE02E8B842AAF305A /* Cocoa.framework */; };
		B61D7344884798B342F0A72D /* DiscRecording.framework in Frameworks */ = {isa = PBXBuildFile; fileRef = AFC0845F0705D59EFAACD614 /* DiscRecording.framework */; };
		BFE80D4CF3FB74DF628262E5 /* include_juce_graphics.mm in Sources */ = {isa = PBXBuildFile; fileRef = 01A5F5DAA2290AA298967A7F /* include_juce_graphics.mm */; };
		C2A780EB91E1A49EA6C19CB6 /* WebKit.framework in Frameworks */ = {isa = PBXBuildFile; fileRef = C68C05C0DEDB4F671B90AB83 /* WebKit.framework */; };
		C7E86EA86DE7C6CB69B496B5 /* CoreAudio.framework in Frameworks */ = {isa = PBXBuildFile; fileRef = 180FC8FB530B9EC2D3FDE8CB /* CoreAudio.framework */; };
		D05423E3BB184E528E5CF309 /* include_juce_audio_plugin_client_AU_2.mm in Sources */ = {isa = PBXBuildFile; fileRef = 24DE2BE449411501686E7926 /* include_juce_audio_plugin_client_AU_2.mm */; };
		D189550940E97804EFBD8C62 /* Main.cpp in Sources */ = {isa = PBXBuildFile; fileRef = 9D38FFFDA2065A7BA14F256B /* Main.cpp */; };
		DA15353115951C9EF04D4429 /* include_juce_events.mm in Sources */ = {isa = PBXBuildFile; fileRef = 2C2A0CD186E28DC185F87093 /* include_juce_events.mm */; };
		DA6D69EEDE87D5EE5D593E64 /* AudioUnit.framework in Frameworks */ = {isa = PBXBuildFile; fileRef = 5708A3818D224EF56AFFD751 /* AudioUnit.framework */; };
		DEEC9300DE93CE72441D2B45 /* AudioToolbox.framework in Frameworks */ = {isa = PBXBuildFile; fileRef = 7B417BF46E6BE6F17B84F5BE /* AudioToolbox.framework */; };
		F60BFD69C2C6FD28F1E4531A /* include_juce_audio_plugin_client_utils.cpp in Sources */ = {isa = PBXBuildFile; fileRef = CEB55819716DD8883ECA0683 /* include_juce_audio_plugin_client_utils.cpp */; };
/* End PBXBuildFile section */

/* Begin PBXContainerItemProxy section */
		64E6945124BA005B003A3984 /* PBXContainerItemProxy */ = {
			isa = PBXContainerItemProxy;
			containerPortal = 37E20947DE5E365ED0E5CB0B /* Project object */;
			proxyType = 1;
			remoteGlobalIDString = 7C313F68F25BAAE00BC596DB;
			remoteInfo = "ArpeggiatorPlugin - Shared Code";
		};
		64E6945224BA005B003A3984 /* PBXContainerItemProxy */ = {
			isa = PBXContainerItemProxy;
			containerPortal = 37E20947DE5E365ED0E5CB0B /* Project object */;
			proxyType = 1;
			remoteGlobalIDString = 7C313F68F25BAAE00BC596DB;
			remoteInfo = "ArpeggiatorPlugin - Shared Code";
		};
		64E6945324BA005B003A3984 /* PBXContainerItemProxy */ = {
			isa = PBXContainerItemProxy;
			containerPortal = 37E20947DE5E365ED0E5CB0B /* Project object */;
			proxyType = 1;
			remoteGlobalIDString = 7C313F68F25BAAE00BC596DB;
			remoteInfo = "ArpeggiatorPlugin - Shared Code";
		};
		64E6945424BA005B003A3984 /* PBXContainerItemProxy */ = {
			isa = PBXContainerItemProxy;
			containerPortal = 37E20947DE5E365ED0E5CB0B /* Project object */;
			proxyType = 1;
			remoteGlobalIDString = D33A92614BBFC6C4352A82A5;
			remoteInfo = "ArpeggiatorPlugin - VST3";
		};
		64E6945524BA005B003A3984 /* PBXContainerItemProxy */ = {
			isa = PBXContainerItemProxy;
			containerPortal = 37E20947DE5E365ED0E5CB0B /* Project object */;
			proxyType = 1;
			remoteGlobalIDString = 1211BBF1CEE2D184A13A14FF;
			remoteInfo = "ArpeggiatorPlugin - AU";
		};
		64E6945624BA005B003A3984 /* PBXContainerItemProxy */ = {
			isa = PBXContainerItemProxy;
			containerPortal = 37E20947DE5E365ED0E5CB0B /* Project object */;
			proxyType = 1;
			remoteGlobalIDString = A528F22ECF82781567D713E2;
			remoteInfo = "ArpeggiatorPlugin - Standalone Plugin";
		};
		64E6945724BA005B003A3984 /* PBXContainerItemProxy */ = {
			isa = PBXContainerItemProxy;
			containerPortal = 37E20947DE5E365ED0E5CB0B /* Project object */;
			proxyType = 1;
			remoteGlobalIDString = 7C313F68F25BAAE00BC596DB;
			remoteInfo = "ArpeggiatorPlugin - Shared Code";
		};
/* End PBXContainerItemProxy section */

/* Begin PBXFileReference section */
		01A5F5DAA2290AA298967A7F /* include_juce_graphics.mm */ = {isa = PBXFileReference; lastKnownFileType = sourcecode.cpp.objcpp; name = include_juce_graphics.mm; path = ../../JuceLibraryCode/include_juce_graphics.mm; sourceTree = SOURCE_ROOT; };
		05952A1659AAB6502E298108 /* CoreAudioKit.framework */ = {isa = PBXFileReference; lastKnownFileType = wrapper.framework; name = CoreAudioKit.framework; path = System/Library/Frameworks/CoreAudioKit.framework; sourceTree = SDKROOT; };
		0ABE3C87BE0A79FD9EC2EB7D /* include_juce_audio_plugin_client_AU.r */ = {isa = PBXFileReference; lastKnownFileType = file.r; name = include_juce_audio_plugin_client_AU.r; path = ../../JuceLibraryCode/include_juce_audio_plugin_client_AU.r; sourceTree = SOURCE_ROOT; };
		0B83F39909155653FF4E462C /* BeatPeggiatorProcessor.h */ = {isa = PBXFileReference; lastKnownFileType = sourcecode.c.h; name = BeatPeggiatorProcessor.h; path = ../../Source/BeatPeggiatorProcessor.h; sourceTree = SOURCE_ROOT; };
		0EE142DB740042ECE7A6D93C /* juce_core */ = {isa = PBXFileReference; lastKnownFileType = folder; name = juce_core; path = /Users/michaelcaterisano/JUCE/modules/juce_core; sourceTree = "<absolute>"; };
		147B70A99AD0754620AE2BFE /* include_juce_audio_plugin_client_Standalone.cpp */ = {isa = PBXFileReference; lastKnownFileType = sourcecode.cpp.cpp; name = include_juce_audio_plugin_client_Standalone.cpp; path = ../../JuceLibraryCode/include_juce_audio_plugin_client_Standalone.cpp; sourceTree = SOURCE_ROOT; };
		16CF3EB4D01F65B71F96CACB /* juce_graphics */ = {isa = PBXFileReference; lastKnownFileType = folder; name = juce_graphics; path = /Users/michaelcaterisano/JUCE/modules/juce_graphics; sourceTree = "<absolute>"; };
		180FC8FB530B9EC2D3FDE8CB /* CoreAudio.framework */ = {isa = PBXFileReference; lastKnownFileType = wrapper.framework; name = CoreAudio.framework; path = System/Library/Frameworks/CoreAudio.framework; sourceTree = SDKROOT; };
		183A0D0A2C872FDCD83F390A /* Info-AU.plist */ = {isa = PBXFileReference; lastKnownFileType = text.plist.xml; path = "Info-AU.plist"; sourceTree = SOURCE_ROOT; };
		226F66172C3619AC41B8D4E0 /* juce_audio_formats */ = {isa = PBXFileReference; lastKnownFileType = folder; name = juce_audio_formats; path = /Users/michaelcaterisano/JUCE/modules/juce_audio_formats; sourceTree = "<absolute>"; };
		24DE2BE449411501686E7926 /* include_juce_audio_plugin_client_AU_2.mm */ = {isa = PBXFileReference; lastKnownFileType = sourcecode.cpp.objcpp; name = include_juce_audio_plugin_client_AU_2.mm; path = ../../JuceLibraryCode/include_juce_audio_plugin_client_AU_2.mm; sourceTree = SOURCE_ROOT; };
		2C2A0CD186E28DC185F87093 /* include_juce_events.mm */ = {isa = PBXFileReference; lastKnownFileType = sourcecode.cpp.objcpp; name = include_juce_events.mm; path = ../../JuceLibraryCode/include_juce_events.mm; sourceTree = SOURCE_ROOT; };
		2DBB6581ACE347A02BD1148C /* libArpeggiatorPlugin.a */ = {isa = PBXFileReference; explicitFileType = archive.ar; includeInIndex = 0; path = libArpeggiatorPlugin.a; sourceTree = BUILT_PRODUCTS_DIR; };
		33F5056FE02E8B842AAF305A /* Cocoa.framework */ = {isa = PBXFileReference; lastKnownFileType = wrapper.framework; name = Cocoa.framework; path = System/Library/Frameworks/Cocoa.framework; sourceTree = SDKROOT; };
		3F6FD029E17D3354F0CADB21 /* include_juce_data_structures.mm */ = {isa = PBXFileReference; lastKnownFileType = sourcecode.cpp.objcpp; name = include_juce_data_structures.mm; path = ../../JuceLibraryCode/include_juce_data_structures.mm; sourceTree = SOURCE_ROOT; };
		4568505A926C7F1A78D71ED2 /* JuceHeader.h */ = {isa = PBXFileReference; lastKnownFileType = sourcecode.c.h; name = JuceHeader.h; path = ../../JuceLibraryCode/JuceHeader.h; sourceTree = SOURCE_ROOT; };
		4855991310130867CFC9B35A /* include_juce_audio_basics.mm */ = {isa = PBXFileReference; lastKnownFileType = sourcecode.cpp.objcpp; name = include_juce_audio_basics.mm; path = ../../JuceLibraryCode/include_juce_audio_basics.mm; sourceTree = SOURCE_ROOT; };
		4C0140172DF557B05CAF146A /* Info-Standalone_Plugin.plist */ = {isa = PBXFileReference; lastKnownFileType = text.plist.xml; path = "Info-Standalone_Plugin.plist"; sourceTree = SOURCE_ROOT; };
		50146D66E44A6B63F0478FE0 /* include_juce_audio_devices.mm */ = {isa = PBXFileReference; lastKnownFileType = sourcecode.cpp.objcpp; name = include_juce_audio_devices.mm; path = ../../JuceLibraryCode/include_juce_audio_devices.mm; sourceTree = SOURCE_ROOT; };
		567F9C4514A55C7DE5AF53C1 /* Carbon.framework */ = {isa = PBXFileReference; lastKnownFileType = wrapper.framework; name = Carbon.framework; path = System/Library/Frameworks/Carbon.framework; sourceTree = SDKROOT; };
		5708A3818D224EF56AFFD751 /* AudioUnit.framework */ = {isa = PBXFileReference; lastKnownFileType = wrapper.framework; name = AudioUnit.framework; path = System/Library/Frameworks/AudioUnit.framework; sourceTree = SDKROOT; };
		6BD505AF1E140E77C32772BD /* include_juce_gui_basics.mm */ = {isa = PBXFileReference; lastKnownFileType = sourcecode.cpp.objcpp; name = include_juce_gui_basics.mm; path = ../../JuceLibraryCode/include_juce_gui_basics.mm; sourceTree = SOURCE_ROOT; };
		771BCCCABB3ACBD32D4ADF41 /* juce_audio_processors */ = {isa = PBXFileReference; lastKnownFileType = folder; name = juce_audio_processors; path = /Users/michaelcaterisano/JUCE/modules/juce_audio_processors; sourceTree = "<absolute>"; };
		7B417BF46E6BE6F17B84F5BE /* AudioToolbox.framework */ = {isa = PBXFileReference; lastKnownFileType = wrapper.framework; name = AudioToolbox.framework; path = System/Library/Frameworks/AudioToolbox.framework; sourceTree = SDKROOT; };
		7BBB4651889B64097DE939A8 /* juce_audio_plugin_client */ = {isa = PBXFileReference; lastKnownFileType = folder; name = juce_audio_plugin_client; path = /Users/michaelcaterisano/JUCE/modules/juce_audio_plugin_client; sourceTree = "<absolute>"; };
		7DE6918F0B6BDAD75908F14E /* Info-VST3.plist */ = {isa = PBXFileReference; lastKnownFileType = text.plist.xml; path = "Info-VST3.plist"; sourceTree = SOURCE_ROOT; };
		7E9C4641AEA4D76E06551228 /* include_juce_audio_processors.mm */ = {isa = PBXFileReference; lastKnownFileType = sourcecode.cpp.objcpp; name = include_juce_audio_processors.mm; path = ../../JuceLibraryCode/include_juce_audio_processors.mm; sourceTree = SOURCE_ROOT; };
		85E664E7F3C7C23BC32256EB /* QuartzCore.framework */ = {isa = PBXFileReference; lastKnownFileType = wrapper.framework; name = QuartzCore.framework; path = System/Library/Frameworks/QuartzCore.framework; sourceTree = SDKROOT; };
		8C6045F1F1974433445A7A4F /* juce_events */ = {isa = PBXFileReference; lastKnownFileType = folder; name = juce_events; path = /Users/michaelcaterisano/JUCE/modules/juce_events; sourceTree = "<absolute>"; };
		8FAB81B97834A4AC9DD0A50A /* ArpeggiatorPlugin.app */ = {isa = PBXFileReference; explicitFileType = wrapper.application; includeInIndex = 0; path = ArpeggiatorPlugin.app; sourceTree = BUILT_PRODUCTS_DIR; };
		9463959FBC39618860691A22 /* juce_audio_utils */ = {isa = PBXFileReference; lastKnownFileType = folder; name = juce_audio_utils; path = /Users/michaelcaterisano/JUCE/modules/juce_audio_utils; sourceTree = "<absolute>"; };
		9AC24A4CF5FED68238A4B919 /* juce_data_structures */ = {isa = PBXFileReference; lastKnownFileType = folder; name = juce_data_structures; path = /Users/michaelcaterisano/JUCE/modules/juce_data_structures; sourceTree = "<absolute>"; };
		9D38FFFDA2065A7BA14F256B /* Main.cpp */ = {isa = PBXFileReference; lastKnownFileType = sourcecode.cpp.cpp; name = Main.cpp; path = ../../Source/Main.cpp; sourceTree = SOURCE_ROOT; };
		9F2E3E29F87A1F6B40551368 /* include_juce_core.mm */ = {isa = PBXFileReference; lastKnownFileType = sourcecode.cpp.objcpp; name = include_juce_core.mm; path = ../../JuceLibraryCode/include_juce_core.mm; sourceTree = SOURCE_ROOT; };
		A4860A5EB2DEEB9950B9FBAD /* ArpeggiatorPlugin.component */ = {isa = PBXFileReference; explicitFileType = wrapper.cfbundle; includeInIndex = 0; path = ArpeggiatorPlugin.component; sourceTree = BUILT_PRODUCTS_DIR; };
		A5BCEFCB0CC0DB59D90A8E77 /* juce_audio_basics */ = {isa = PBXFileReference; lastKnownFileType = folder; name = juce_audio_basics; path = /Users/michaelcaterisano/JUCE/modules/juce_audio_basics; sourceTree = "<absolute>"; };
		AEA9C9348AB794E23A8E53E4 /* include_juce_gui_extra.mm */ = {isa = PBXFileReference; lastKnownFileType = sourcecode.cpp.objcpp; name = include_juce_gui_extra.mm; path = ../../JuceLibraryCode/include_juce_gui_extra.mm; sourceTree = SOURCE_ROOT; };
		AFC0845F0705D59EFAACD614 /* DiscRecording.framework */ = {isa = PBXFileReference; lastKnownFileType = wrapper.framework; name = DiscRecording.framework; path = System/Library/Frameworks/DiscRecording.framework; sourceTree = SDKROOT; };
		B1D6705D97FF4ECD3BEBBF07 /* include_juce_audio_utils.mm */ = {isa = PBXFileReference; lastKnownFileType = sourcecode.cpp.objcpp; name = include_juce_audio_utils.mm; path = ../../JuceLibraryCode/include_juce_audio_utils.mm; sourceTree = SOURCE_ROOT; };
		BBD9E37F29B5FCE363438FDD /* include_juce_audio_formats.mm */ = {isa = PBXFileReference; lastKnownFileType = sourcecode.cpp.objcpp; name = include_juce_audio_formats.mm; path = ../../JuceLibraryCode/include_juce_audio_formats.mm; sourceTree = SOURCE_ROOT; };
		C1EBDFEE1A05626AA3358EE6 /* juce_audio_devices */ = {isa = PBXFileReference; lastKnownFileType = folder; name = juce_audio_devices; path = /Users/michaelcaterisano/JUCE/modules/juce_audio_devices; sourceTree = "<absolute>"; };
		C643B4390D8C87F66DEB2CC8 /* include_juce_audio_plugin_client_VST_utils.mm */ = {isa = PBXFileReference; lastKnownFileType = sourcecode.cpp.objcpp; name = include_juce_audio_plugin_client_VST_utils.mm; path = ../../JuceLibraryCode/include_juce_audio_plugin_client_VST_utils.mm; sourceTree = SOURCE_ROOT; };
		C68C05C0DEDB4F671B90AB83 /* WebKit.framework */ = {isa = PBXFileReference; lastKnownFileType = wrapper.framework; name = WebKit.framework; path = System/Library/Frameworks/WebKit.framework; sourceTree = SDKROOT; };
		CEB55819716DD8883ECA0683 /* include_juce_audio_plugin_client_utils.cpp */ = {isa = PBXFileReference; lastKnownFileType = sourcecode.cpp.cpp; name = include_juce_audio_plugin_client_utils.cpp; path = ../../JuceLibraryCode/include_juce_audio_plugin_client_utils.cpp; sourceTree = SOURCE_ROOT; };
		D50C4CB613DDA0040D355E45 /* RecentFilesMenuTemplate.nib */ = {isa = PBXFileReference; lastKnownFileType = file.nib; path = RecentFilesMenuTemplate.nib; sourceTree = SOURCE_ROOT; };
		D54F2D4FDD45918F2B2E0A59 /* CoreMIDI.framework */ = {isa = PBXFileReference; lastKnownFileType = wrapper.framework; name = CoreMIDI.framework; path = System/Library/Frameworks/CoreMIDI.framework; sourceTree = SDKROOT; };
		DE6EFF6D3113C09024633BAE /* IOKit.framework */ = {isa = PBXFileReference; lastKnownFileType = wrapper.framework; name = IOKit.framework; path = System/Library/Frameworks/IOKit.framework; sourceTree = SDKROOT; };
		E155C0CEFE9FD7F82CE3FD95 /* include_juce_audio_plugin_client_AU_1.mm */ = {isa = PBXFileReference; lastKnownFileType = sourcecode.cpp.objcpp; name = include_juce_audio_plugin_client_AU_1.mm; path = ../../JuceLibraryCode/include_juce_audio_plugin_client_AU_1.mm; sourceTree = SOURCE_ROOT; };
		E8F99AB653A91D3E43559070 /* Accelerate.framework */ = {isa = PBXFileReference; lastKnownFileType = wrapper.framework; name = Accelerate.framework; path = System/Library/Frameworks/Accelerate.framework; sourceTree = SDKROOT; };
		EFA264AC760589681E9B87DA /* include_juce_audio_plugin_client_VST3.cpp */ = {isa = PBXFileReference; lastKnownFileType = sourcecode.cpp.cpp; name = include_juce_audio_plugin_client_VST3.cpp; path = ../../JuceLibraryCode/include_juce_audio_plugin_client_VST3.cpp; sourceTree = SOURCE_ROOT; };
		EFB9A49FC017F40EFE422569 /* juce_gui_basics */ = {isa = PBXFileReference; lastKnownFileType = folder; name = juce_gui_basics; path = /Users/michaelcaterisano/JUCE/modules/juce_gui_basics; sourceTree = "<absolute>"; };
		F2CFFF45BAB8393C109CD6F4 /* juce_gui_extra */ = {isa = PBXFileReference; lastKnownFileType = folder; name = juce_gui_extra; path = /Users/michaelcaterisano/JUCE/modules/juce_gui_extra; sourceTree = "<absolute>"; };
		F72465DBDBA0D7F826850C51 /* JucePluginDefines.h */ = {isa = PBXFileReference; lastKnownFileType = sourcecode.c.h; name = JucePluginDefines.h; path = ../../JuceLibraryCode/JucePluginDefines.h; sourceTree = SOURCE_ROOT; };
		FC418D710123DA84D7C5E5EC /* ArpeggiatorPlugin.vst3 */ = {isa = PBXFileReference; explicitFileType = wrapper.cfbundle; includeInIndex = 0; path = ArpeggiatorPlugin.vst3; sourceTree = BUILT_PRODUCTS_DIR; };
/* End PBXFileReference section */

/* Begin PBXFrameworksBuildPhase section */
		82A1728737C719110DEE51FB /* Frameworks */ = {
			isa = PBXFrameworksBuildPhase;
			buildActionMask = 2147483647;
			files = (
				5DA036DD4BC79B50BDF05EF4 /* Accelerate.framework in Frameworks */,
				DEEC9300DE93CE72441D2B45 /* AudioToolbox.framework in Frameworks */,
				65CF03569E76A1BD66B29657 /* Carbon.framework in Frameworks */,
				94C19613C6CFB9CFAFB5A0CF /* Cocoa.framework in Frameworks */,
				C7E86EA86DE7C6CB69B496B5 /* CoreAudio.framework in Frameworks */,
				8DA888CEC9FFDC6D65957656 /* CoreAudioKit.framework in Frameworks */,
				21CE2543AEF84ED178C66F8D /* CoreMIDI.framework in Frameworks */,
				B61D7344884798B342F0A72D /* DiscRecording.framework in Frameworks */,
				765CFC096AE6D58A89917F75 /* IOKit.framework in Frameworks */,
				7F3505E2C69CB3D7D6AE1062 /* QuartzCore.framework in Frameworks */,
				C2A780EB91E1A49EA6C19CB6 /* WebKit.framework in Frameworks */,
			);
			runOnlyForDeploymentPostprocessing = 0;
		};
		8834874891000833EC2031C3 /* Frameworks */ = {
			isa = PBXFrameworksBuildPhase;
			buildActionMask = 2147483647;
			files = (
				64E6944624BA005A003A3984 /* Accelerate.framework in Frameworks */,
				64E6944724BA005A003A3984 /* AudioToolbox.framework in Frameworks */,
				64E6944824BA005A003A3984 /* Carbon.framework in Frameworks */,
				64E6944924BA005A003A3984 /* Cocoa.framework in Frameworks */,
				64E6944A24BA005A003A3984 /* CoreAudio.framework in Frameworks */,
				64E6944B24BA005A003A3984 /* CoreAudioKit.framework in Frameworks */,
				64E6944C24BA005A003A3984 /* CoreMIDI.framework in Frameworks */,
				64E6944D24BA005A003A3984 /* DiscRecording.framework in Frameworks */,
				64E6944E24BA005A003A3984 /* IOKit.framework in Frameworks */,
				64E6944F24BA005A003A3984 /* QuartzCore.framework in Frameworks */,
				64E6945024BA005A003A3984 /* WebKit.framework in Frameworks */,
			);
			runOnlyForDeploymentPostprocessing = 0;
		};
		A314F45B075DFA0F1027D92C /* Frameworks */ = {
			isa = PBXFrameworksBuildPhase;
			buildActionMask = 2147483647;
			files = (
				DA6D69EEDE87D5EE5D593E64 /* AudioUnit.framework in Frameworks */,
				64E6943A24BA005A003A3984 /* Accelerate.framework in Frameworks */,
				64E6943B24BA005A003A3984 /* AudioToolbox.framework in Frameworks */,
				64E6943C24BA005A003A3984 /* Carbon.framework in Frameworks */,
				64E6943D24BA005A003A3984 /* Cocoa.framework in Frameworks */,
				64E6943E24BA005A003A3984 /* CoreAudio.framework in Frameworks */,
				64E6943F24BA005A003A3984 /* CoreAudioKit.framework in Frameworks */,
				64E6944024BA005A003A3984 /* CoreMIDI.framework in Frameworks */,
				64E6944124BA005A003A3984 /* DiscRecording.framework in Frameworks */,
				64E6944224BA005A003A3984 /* IOKit.framework in Frameworks */,
				64E6944324BA005A003A3984 /* QuartzCore.framework in Frameworks */,
				64E6944424BA005A003A3984 /* WebKit.framework in Frameworks */,
			);
			runOnlyForDeploymentPostprocessing = 0;
		};
/* End PBXFrameworksBuildPhase section */

/* Begin PBXGroup section */
		047A849E5B7B342DFCA3963F /* Source */ = {
			isa = PBXGroup;
			children = (
				9D38FFFDA2065A7BA14F256B /* Main.cpp */,
				0B83F39909155653FF4E462C /* BeatPeggiatorProcessor.h */,
			);
			name = Source;
			sourceTree = "<group>";
		};
		3E2C672404F3301EBD7AA662 /* JUCE Library Code */ = {
			isa = PBXGroup;
			children = (
				4855991310130867CFC9B35A /* include_juce_audio_basics.mm */,
				50146D66E44A6B63F0478FE0 /* include_juce_audio_devices.mm */,
				BBD9E37F29B5FCE363438FDD /* include_juce_audio_formats.mm */,
				0ABE3C87BE0A79FD9EC2EB7D /* include_juce_audio_plugin_client_AU.r */,
				E155C0CEFE9FD7F82CE3FD95 /* include_juce_audio_plugin_client_AU_1.mm */,
				24DE2BE449411501686E7926 /* include_juce_audio_plugin_client_AU_2.mm */,
				147B70A99AD0754620AE2BFE /* include_juce_audio_plugin_client_Standalone.cpp */,
				CEB55819716DD8883ECA0683 /* include_juce_audio_plugin_client_utils.cpp */,
				C643B4390D8C87F66DEB2CC8 /* include_juce_audio_plugin_client_VST_utils.mm */,
				EFA264AC760589681E9B87DA /* include_juce_audio_plugin_client_VST3.cpp */,
				7E9C4641AEA4D76E06551228 /* include_juce_audio_processors.mm */,
				B1D6705D97FF4ECD3BEBBF07 /* include_juce_audio_utils.mm */,
				9F2E3E29F87A1F6B40551368 /* include_juce_core.mm */,
				3F6FD029E17D3354F0CADB21 /* include_juce_data_structures.mm */,
				2C2A0CD186E28DC185F87093 /* include_juce_events.mm */,
				01A5F5DAA2290AA298967A7F /* include_juce_graphics.mm */,
				6BD505AF1E140E77C32772BD /* include_juce_gui_basics.mm */,
				AEA9C9348AB794E23A8E53E4 /* include_juce_gui_extra.mm */,
				4568505A926C7F1A78D71ED2 /* JuceHeader.h */,
				F72465DBDBA0D7F826850C51 /* JucePluginDefines.h */,
			);
			name = "JUCE Library Code";
			sourceTree = "<group>";
		};
		4222FCE3D7AA434F167A8353 /* JUCE Modules */ = {
			isa = PBXGroup;
			children = (
				A5BCEFCB0CC0DB59D90A8E77 /* juce_audio_basics */,
				C1EBDFEE1A05626AA3358EE6 /* juce_audio_devices */,
				226F66172C3619AC41B8D4E0 /* juce_audio_formats */,
				7BBB4651889B64097DE939A8 /* juce_audio_plugin_client */,
				771BCCCABB3ACBD32D4ADF41 /* juce_audio_processors */,
				9463959FBC39618860691A22 /* juce_audio_utils */,
				0EE142DB740042ECE7A6D93C /* juce_core */,
				9AC24A4CF5FED68238A4B919 /* juce_data_structures */,
				8C6045F1F1974433445A7A4F /* juce_events */,
				16CF3EB4D01F65B71F96CACB /* juce_graphics */,
				EFB9A49FC017F40EFE422569 /* juce_gui_basics */,
				F2CFFF45BAB8393C109CD6F4 /* juce_gui_extra */,
			);
			name = "JUCE Modules";
			sourceTree = "<group>";
		};
		93C74C9379126537F8CE30ED /* Frameworks */ = {
			isa = PBXGroup;
			children = (
				5708A3818D224EF56AFFD751 /* AudioUnit.framework */,
				E8F99AB653A91D3E43559070 /* Accelerate.framework */,
				7B417BF46E6BE6F17B84F5BE /* AudioToolbox.framework */,
				567F9C4514A55C7DE5AF53C1 /* Carbon.framework */,
				33F5056FE02E8B842AAF305A /* Cocoa.framework */,
				180FC8FB530B9EC2D3FDE8CB /* CoreAudio.framework */,
				05952A1659AAB6502E298108 /* CoreAudioKit.framework */,
				D54F2D4FDD45918F2B2E0A59 /* CoreMIDI.framework */,
				AFC0845F0705D59EFAACD614 /* DiscRecording.framework */,
				DE6EFF6D3113C09024633BAE /* IOKit.framework */,
				85E664E7F3C7C23BC32256EB /* QuartzCore.framework */,
				C68C05C0DEDB4F671B90AB83 /* WebKit.framework */,
			);
			name = Frameworks;
			sourceTree = "<group>";
		};
		99EA435A2D82749AD6FE98E2 /* Resources */ = {
			isa = PBXGroup;
			children = (
				7DE6918F0B6BDAD75908F14E /* Info-VST3.plist */,
				183A0D0A2C872FDCD83F390A /* Info-AU.plist */,
				4C0140172DF557B05CAF146A /* Info-Standalone_Plugin.plist */,
				D50C4CB613DDA0040D355E45 /* RecentFilesMenuTemplate.nib */,
			);
			name = Resources;
			sourceTree = "<group>";
		};
		AF29F9171FAB3690A822BF92 /* ArpeggiatorPlugin */ = {
			isa = PBXGroup;
			children = (
				047A849E5B7B342DFCA3963F /* Source */,
			);
			name = ArpeggiatorPlugin;
			sourceTree = "<group>";
		};
		C6448FC6920AD8BB5E91B12F /* Source */ = {
			isa = PBXGroup;
			children = (
				AF29F9171FAB3690A822BF92 /* ArpeggiatorPlugin */,
				4222FCE3D7AA434F167A8353 /* JUCE Modules */,
				3E2C672404F3301EBD7AA662 /* JUCE Library Code */,
				99EA435A2D82749AD6FE98E2 /* Resources */,
				93C74C9379126537F8CE30ED /* Frameworks */,
				DB7AE60537BF74921F778F8E /* Products */,
			);
			name = Source;
			sourceTree = "<group>";
		};
		DB7AE60537BF74921F778F8E /* Products */ = {
			isa = PBXGroup;
			children = (
				FC418D710123DA84D7C5E5EC /* ArpeggiatorPlugin.vst3 */,
				A4860A5EB2DEEB9950B9FBAD /* ArpeggiatorPlugin.component */,
				8FAB81B97834A4AC9DD0A50A /* ArpeggiatorPlugin.app */,
				2DBB6581ACE347A02BD1148C /* libArpeggiatorPlugin.a */,
			);
			name = Products;
			sourceTree = "<group>";
		};
/* End PBXGroup section */

/* Begin PBXNativeTarget section */
		1211BBF1CEE2D184A13A14FF /* ArpeggiatorPlugin - AU */ = {
			isa = PBXNativeTarget;
			buildConfigurationList = 26A25654A25A69A877E8A1B2 /* Build configuration list for PBXNativeTarget "ArpeggiatorPlugin - AU" */;
			buildPhases = (
				38943E99A205B3C0FFEE3D1D /* Resources */,
				336D8556E6BA7AEBF6093488 /* Rez */,
				68D3224678C745F70EC1D8E0 /* Sources */,
				A314F45B075DFA0F1027D92C /* Frameworks */,
			);
			buildRules = (
			);
			dependencies = (
				FEBCCB89EDF1C4E685F9AF59 /* PBXTargetDependency */,
			);
			name = "ArpeggiatorPlugin - AU";
			productName = ArpeggiatorPlugin;
			productReference = A4860A5EB2DEEB9950B9FBAD /* ArpeggiatorPlugin.component */;
			productType = "com.apple.product-type.bundle";
		};
		7C313F68F25BAAE00BC596DB /* ArpeggiatorPlugin - Shared Code */ = {
			isa = PBXNativeTarget;
			buildConfigurationList = 7CF46D0B6DDA2489AADA24A8 /* Build configuration list for PBXNativeTarget "ArpeggiatorPlugin - Shared Code" */;
			buildPhases = (
				0381467D0874DC116A04A810 /* Sources */,
			);
			buildRules = (
			);
			dependencies = (
			);
			name = "ArpeggiatorPlugin - Shared Code";
			productName = ArpeggiatorPlugin;
			productReference = 2DBB6581ACE347A02BD1148C /* libArpeggiatorPlugin.a */;
			productType = "com.apple.product-type.library.static";
		};
		A528F22ECF82781567D713E2 /* ArpeggiatorPlugin - Standalone Plugin */ = {
			isa = PBXNativeTarget;
			buildConfigurationList = 619CA38E2C7297595199BE88 /* Build configuration list for PBXNativeTarget "ArpeggiatorPlugin - Standalone Plugin" */;
			buildPhases = (
				9D68C35125BF1D87C876B31B /* Resources */,
				6857D38D19EA5A4DB263FCA1 /* Sources */,
				8834874891000833EC2031C3 /* Frameworks */,
			);
			buildRules = (
			);
			dependencies = (
				7E99EFA7FBFC1CBB69BFDCF9 /* PBXTargetDependency */,
			);
			name = "ArpeggiatorPlugin - Standalone Plugin";
			productName = ArpeggiatorPlugin;
			productReference = 8FAB81B97834A4AC9DD0A50A /* ArpeggiatorPlugin.app */;
			productType = "com.apple.product-type.application";
		};
		D33A92614BBFC6C4352A82A5 /* ArpeggiatorPlugin - VST3 */ = {
			isa = PBXNativeTarget;
			buildConfigurationList = 64B5E64D1525508F36B9C357 /* Build configuration list for PBXNativeTarget "ArpeggiatorPlugin - VST3" */;
			buildPhases = (
				E086CCB34D11B6B12692B6DA /* Resources */,
				1EED86EE1A53E769C5B6A215 /* Sources */,
				82A1728737C719110DEE51FB /* Frameworks */,
			);
			buildRules = (
			);
			dependencies = (
				2DCF0B9C6B2BF9086B9C369D /* PBXTargetDependency */,
			);
			name = "ArpeggiatorPlugin - VST3";
			productName = ArpeggiatorPlugin;
			productReference = FC418D710123DA84D7C5E5EC /* ArpeggiatorPlugin.vst3 */;
			productType = "com.apple.product-type.bundle";
		};
/* End PBXNativeTarget section */

/* Begin PBXProject section */
		37E20947DE5E365ED0E5CB0B /* Project object */ = {
			isa = PBXProject;
			attributes = {
				LastUpgradeCheck = 1100;
				ORGANIZATIONNAME = JUCE;
				TargetAttributes = {
					1211BBF1CEE2D184A13A14FF = {
						SystemCapabilities = {
							com.apple.ApplicationGroups.iOS = {
								enabled = 0;
							};
							com.apple.HardenedRuntime = {
								enabled = 0;
							};
							com.apple.InAppPurchase = {
								enabled = 0;
							};
							com.apple.InterAppAudio = {
								enabled = 0;
							};
							com.apple.Push = {
								enabled = 0;
							};
							com.apple.Sandbox = {
								enabled = 0;
							};
						};
					};
					7C313F68F25BAAE00BC596DB = {
						SystemCapabilities = {
							com.apple.ApplicationGroups.iOS = {
								enabled = 0;
							};
							com.apple.HardenedRuntime = {
								enabled = 0;
							};
							com.apple.InAppPurchase = {
								enabled = 0;
							};
							com.apple.InterAppAudio = {
								enabled = 0;
							};
							com.apple.Push = {
								enabled = 0;
							};
							com.apple.Sandbox = {
								enabled = 0;
							};
						};
					};
					8F9427FD5B97736E6A1DA603 = {
						SystemCapabilities = {
							com.apple.ApplicationGroups.iOS = {
								enabled = 0;
							};
							com.apple.HardenedRuntime = {
								enabled = 0;
							};
							com.apple.InAppPurchase = {
								enabled = 0;
							};
							com.apple.InterAppAudio = {
								enabled = 0;
							};
							com.apple.Push = {
								enabled = 0;
							};
							com.apple.Sandbox = {
								enabled = 0;
							};
						};
					};
					A528F22ECF82781567D713E2 = {
						SystemCapabilities = {
							com.apple.ApplicationGroups.iOS = {
								enabled = 0;
							};
							com.apple.HardenedRuntime = {
								enabled = 0;
							};
							com.apple.InAppPurchase = {
								enabled = 0;
							};
							com.apple.InterAppAudio = {
								enabled = 0;
							};
							com.apple.Push = {
								enabled = 0;
							};
							com.apple.Sandbox = {
								enabled = 0;
							};
						};
					};
					D33A92614BBFC6C4352A82A5 = {
						SystemCapabilities = {
							com.apple.ApplicationGroups.iOS = {
								enabled = 0;
							};
							com.apple.HardenedRuntime = {
								enabled = 0;
							};
							com.apple.InAppPurchase = {
								enabled = 0;
							};
							com.apple.InterAppAudio = {
								enabled = 0;
							};
							com.apple.Push = {
								enabled = 0;
							};
							com.apple.Sandbox = {
								enabled = 0;
							};
						};
					};
				};
			};
			buildConfigurationList = 22CEAD64263DE55A652227F8 /* Build configuration list for PBXProject "ArpeggiatorPlugin" */;
			compatibilityVersion = "Xcode 3.2";
			developmentRegion = en;
			hasScannedForEncodings = 0;
			knownRegions = (
				en,
				Base,
			);
			mainGroup = C6448FC6920AD8BB5E91B12F /* Source */;
			projectDirPath = "";
			projectRoot = "";
			targets = (
				8F9427FD5B97736E6A1DA603 /* ArpeggiatorPlugin - All */,
				D33A92614BBFC6C4352A82A5 /* ArpeggiatorPlugin - VST3 */,
				1211BBF1CEE2D184A13A14FF /* ArpeggiatorPlugin - AU */,
				A528F22ECF82781567D713E2 /* ArpeggiatorPlugin - Standalone Plugin */,
				7C313F68F25BAAE00BC596DB /* ArpeggiatorPlugin - Shared Code */,
			);
		};
/* End PBXProject section */

/* Begin PBXResourcesBuildPhase section */
		38943E99A205B3C0FFEE3D1D /* Resources */ = {
			isa = PBXResourcesBuildPhase;
			buildActionMask = 2147483647;
			files = (
				64E6943924BA005A003A3984 /* RecentFilesMenuTemplate.nib in Resources */,
			);
			runOnlyForDeploymentPostprocessing = 0;
		};
		9D68C35125BF1D87C876B31B /* Resources */ = {
			isa = PBXResourcesBuildPhase;
			buildActionMask = 2147483647;
			files = (
				64E6944524BA005A003A3984 /* RecentFilesMenuTemplate.nib in Resources */,
			);
			runOnlyForDeploymentPostprocessing = 0;
		};
		E086CCB34D11B6B12692B6DA /* Resources */ = {
			isa = PBXResourcesBuildPhase;
			buildActionMask = 2147483647;
			files = (
				73479A2EF93DD3BBE3D10CD4 /* RecentFilesMenuTemplate.nib in Resources */,
			);
			runOnlyForDeploymentPostprocessing = 0;
		};
/* End PBXResourcesBuildPhase section */

/* Begin PBXRezBuildPhase section */
		336D8556E6BA7AEBF6093488 /* Rez */ = {
			isa = PBXRezBuildPhase;
			buildActionMask = 2147483647;
			files = (
				314B7376F8F5430119F3F564 /* include_juce_audio_plugin_client_AU.r in Rez */,
			);
			runOnlyForDeploymentPostprocessing = 0;
		};
/* End PBXRezBuildPhase section */

/* Begin PBXSourcesBuildPhase section */
		0381467D0874DC116A04A810 /* Sources */ = {
			isa = PBXSourcesBuildPhase;
			buildActionMask = 2147483647;
			files = (
				D189550940E97804EFBD8C62 /* Main.cpp in Sources */,
				8031F81F6B0CB2E9931A9EC8 /* include_juce_audio_basics.mm in Sources */,
				4B6F4097B595C81461BF2715 /* include_juce_audio_devices.mm in Sources */,
				845536BC0ED13F855B992B9B /* include_juce_audio_formats.mm in Sources */,
				F60BFD69C2C6FD28F1E4531A /* include_juce_audio_plugin_client_utils.cpp in Sources */,
				47B1FFD210CC530C3B55156D /* include_juce_audio_plugin_client_VST_utils.mm in Sources */,
				2F61208FC1BF56FBE72240FA /* include_juce_audio_processors.mm in Sources */,
				8A1ECBD16E801EB7D46820FD /* include_juce_audio_utils.mm in Sources */,
				41DB49A50F0E22A63F2F89ED /* include_juce_core.mm in Sources */,
				834158649723D5C06603F5D1 /* include_juce_data_structures.mm in Sources */,
				DA15353115951C9EF04D4429 /* include_juce_events.mm in Sources */,
				BFE80D4CF3FB74DF628262E5 /* include_juce_graphics.mm in Sources */,
				5EA42A3EB166FACC1B34F2A3 /* include_juce_gui_basics.mm in Sources */,
				76A3AABCF2FA426FD81AB6ED /* include_juce_gui_extra.mm in Sources */,
			);
			runOnlyForDeploymentPostprocessing = 0;
		};
		1EED86EE1A53E769C5B6A215 /* Sources */ = {
			isa = PBXSourcesBuildPhase;
			buildActionMask = 2147483647;
			files = (
				1DFD850AF889FB8EFC728C6C /* include_juce_audio_plugin_client_VST3.cpp in Sources */,
			);
			runOnlyForDeploymentPostprocessing = 0;
		};
		6857D38D19EA5A4DB263FCA1 /* Sources */ = {
			isa = PBXSourcesBuildPhase;
			buildActionMask = 2147483647;
			files = (
				755AF8B7EE7F032F084F0BA9 /* include_juce_audio_plugin_client_Standalone.cpp in Sources */,
			);
			runOnlyForDeploymentPostprocessing = 0;
		};
		68D3224678C745F70EC1D8E0 /* Sources */ = {
			isa = PBXSourcesBuildPhase;
			buildActionMask = 2147483647;
			files = (
				80AFC0896182A5ABF79111D3 /* include_juce_audio_plugin_client_AU_1.mm in Sources */,
				D05423E3BB184E528E5CF309 /* include_juce_audio_plugin_client_AU_2.mm in Sources */,
			);
			runOnlyForDeploymentPostprocessing = 0;
		};
/* End PBXSourcesBuildPhase section */

/* Begin PBXTargetDependency section */
		15787F9C359207F0B4938903 /* PBXTargetDependency */ = {
			isa = PBXTargetDependency;
			target = 7C313F68F25BAAE00BC596DB /* ArpeggiatorPlugin - Shared Code */;
			targetProxy = 64E6945724BA005B003A3984 /* PBXContainerItemProxy */;
		};
		1D2FAB6AEDC92BF748422E6D /* PBXTargetDependency */ = {
			isa = PBXTargetDependency;
			target = 1211BBF1CEE2D184A13A14FF /* ArpeggiatorPlugin - AU */;
			targetProxy = 64E6945524BA005B003A3984 /* PBXContainerItemProxy */;
		};
		2DCF0B9C6B2BF9086B9C369D /* PBXTargetDependency */ = {
			isa = PBXTargetDependency;
			target = 7C313F68F25BAAE00BC596DB /* ArpeggiatorPlugin - Shared Code */;
			targetProxy = 64E6945324BA005B003A3984 /* PBXContainerItemProxy */;
		};
		7E99EFA7FBFC1CBB69BFDCF9 /* PBXTargetDependency */ = {
			isa = PBXTargetDependency;
			target = 7C313F68F25BAAE00BC596DB /* ArpeggiatorPlugin - Shared Code */;
			targetProxy = 64E6945124BA005B003A3984 /* PBXContainerItemProxy */;
		};
		8A207F4E7D70FC22E5AF3997 /* PBXTargetDependency */ = {
			isa = PBXTargetDependency;
			target = A528F22ECF82781567D713E2 /* ArpeggiatorPlugin - Standalone Plugin */;
			targetProxy = 64E6945624BA005B003A3984 /* PBXContainerItemProxy */;
		};
		F0B8562AA373B2360695229F /* PBXTargetDependency */ = {
			isa = PBXTargetDependency;
			target = D33A92614BBFC6C4352A82A5 /* ArpeggiatorPlugin - VST3 */;
			targetProxy = 64E6945424BA005B003A3984 /* PBXContainerItemProxy */;
		};
		FEBCCB89EDF1C4E685F9AF59 /* PBXTargetDependency */ = {
			isa = PBXTargetDependency;
			target = 7C313F68F25BAAE00BC596DB /* ArpeggiatorPlugin - Shared Code */;
			targetProxy = 64E6945224BA005B003A3984 /* PBXContainerItemProxy */;
		};
/* End PBXTargetDependency section */

/* Begin XCBuildConfiguration section */
		3123DA4E4F9EDEDF9B64C0AD /* Debug */ = {
			isa = XCBuildConfiguration;
			buildSettings = {
				CLANG_CXX_LANGUAGE_STANDARD = "c++14";
				CLANG_CXX_LIBRARY = "libc++";
				CLANG_LINK_OBJC_RUNTIME = NO;
				CODE_SIGN_IDENTITY = "";
				COMBINE_HIDPI_IMAGES = YES;
				CONFIGURATION_BUILD_DIR = "$(PROJECT_DIR)/build/$(CONFIGURATION)";
				COPY_PHASE_STRIP = NO;
				GCC_DYNAMIC_NO_PIC = NO;
				GCC_OPTIMIZATION_LEVEL = 0;
				GCC_PREPROCESSOR_DEFINITIONS = (
					"_DEBUG=1",
					"DEBUG=1",
					"PIP_JUCE_EXAMPLES_DIRECTORY=L1VzZXJzL21pY2hhZWxjYXRlcmlzYW5vL0pVQ0UvZXhhbXBsZXM=",
					"JUCER_XCODE_MAC_F6D2F4CF=1",
					"JUCE_APP_VERSION=1.0.0",
					"JUCE_APP_VERSION_HEX=0x10000",
					"JucePlugin_Build_VST=0",
					"JucePlugin_Build_VST3=1",
					"JucePlugin_Build_AU=1",
					"JucePlugin_Build_AUv3=0",
					"JucePlugin_Build_RTAS=0",
					"JucePlugin_Build_AAX=0",
					"JucePlugin_Build_Standalone=1",
					"JucePlugin_Build_Unity=0",
					"JUCE_SHARED_CODE=1",
					"JUCE_DISPLAY_SPLASH_SCREEN=1",
					"JUCE_USE_DARK_SPLASH_SCREEN=1",
					"JUCE_PROJUCER_VERSION=0x60000",
					"JUCE_MODULE_AVAILABLE_juce_audio_basics=1",
					"JUCE_MODULE_AVAILABLE_juce_audio_devices=1",
					"JUCE_MODULE_AVAILABLE_juce_audio_formats=1",
					"JUCE_MODULE_AVAILABLE_juce_audio_plugin_client=1",
					"JUCE_MODULE_AVAILABLE_juce_audio_processors=1",
					"JUCE_MODULE_AVAILABLE_juce_audio_utils=1",
					"JUCE_MODULE_AVAILABLE_juce_core=1",
					"JUCE_MODULE_AVAILABLE_juce_data_structures=1",
					"JUCE_MODULE_AVAILABLE_juce_events=1",
					"JUCE_MODULE_AVAILABLE_juce_graphics=1",
					"JUCE_MODULE_AVAILABLE_juce_gui_basics=1",
					"JUCE_MODULE_AVAILABLE_juce_gui_extra=1",
					"JUCE_GLOBAL_MODULE_SETTINGS_INCLUDED=1",
					"JUCE_VST3_CAN_REPLACE_VST2=0",
					"JUCE_STRICT_REFCOUNTEDPOINTER=1",
					"JucePlugin_Enable_IAA=0",
					"JucePlugin_Name=\\\"ArpeggiatorPlugin\\\"",
					"JucePlugin_Desc=\\\"ArpeggiatorPlugin\\\"",
					"JucePlugin_Manufacturer=\\\"JUCE\\\"",
					"JucePlugin_ManufacturerWebsite=\\\"http://juce.com\\\"",
					"JucePlugin_ManufacturerEmail=\\\"\\\"",
					"JucePlugin_ManufacturerCode=0x4d616e75",
					"JucePlugin_PluginCode=0x52636562",
					"JucePlugin_IsSynth=0",
					"JucePlugin_WantsMidiInput=1",
					"JucePlugin_ProducesMidiOutput=1",
					"JucePlugin_IsMidiEffect=1",
					"JucePlugin_EditorRequiresKeyboardFocus=0",
					"JucePlugin_Version=1.0.0",
					"JucePlugin_VersionCode=0x10000",
					"JucePlugin_VersionString=\\\"1.0.0\\\"",
					"JucePlugin_VSTUniqueID=JucePlugin_PluginCode",
					"JucePlugin_VSTCategory=kPlugCategEffect",
					"JucePlugin_Vst3Category=\\\"Fx\\\"",
					"JucePlugin_AUMainType='aumi'",
					"JucePlugin_AUSubType=JucePlugin_PluginCode",
					"JucePlugin_AUExportPrefix=ArpeggiatorPluginAU",
					"JucePlugin_AUExportPrefixQuoted=\\\"ArpeggiatorPluginAU\\\"",
					"JucePlugin_AUManufacturerCode=JucePlugin_ManufacturerCode",
					"JucePlugin_CFBundleIdentifier=com.JUCE.ArpeggiatorPlugin",
					"JucePlugin_RTASCategory=0",
					"JucePlugin_RTASManufacturerCode=JucePlugin_ManufacturerCode",
					"JucePlugin_RTASProductId=JucePlugin_PluginCode",
					"JucePlugin_RTASDisableBypass=0",
					"JucePlugin_RTASDisableMultiMono=0",
					"JucePlugin_AAXIdentifier=com.JUCE.ArpeggiatorPlugin",
					"JucePlugin_AAXManufacturerCode=JucePlugin_ManufacturerCode",
					"JucePlugin_AAXProductId=JucePlugin_PluginCode",
					"JucePlugin_AAXCategory=0",
					"JucePlugin_AAXDisableBypass=0",
					"JucePlugin_AAXDisableMultiMono=0",
					"JucePlugin_IAAType=0x6175726d",
					"JucePlugin_IAASubType=JucePlugin_PluginCode",
					"JucePlugin_IAAName=\\\"JUCE:\\ ArpeggiatorPlugin\\\"",
					"JucePlugin_VSTNumMidiInputs=16",
					"JucePlugin_VSTNumMidiOutputs=16",
					"JUCE_STANDALONE_APPLICATION=JucePlugin_Build_Standalone",
				);
				GCC_VERSION = com.apple.compilers.llvm.clang.1_0;
				HEADER_SEARCH_PATHS = (
					/Users/michaelcaterisano/JUCE/modules/juce_audio_processors/format_types/VST3_SDK,
					../../JuceLibraryCode,
					/Users/michaelcaterisano/JUCE/modules,
					/Users/michaelcaterisano/JUCE/modules/juce_audio_plugin_client,
					"$(inherited)",
				);
				INSTALL_PATH = "@executable_path/../Frameworks";
				MACOSX_DEPLOYMENT_TARGET = 10.11;
				PRODUCT_BUNDLE_IDENTIFIER = com.JUCE.ArpeggiatorPlugin;
				PRODUCT_NAME = ArpeggiatorPlugin;
				SKIP_INSTALL = YES;
				USE_HEADERMAP = NO;
			};
			name = Debug;
		};
		3D35EDBAD343D318A54B6869 /* Debug */ = {
			isa = XCBuildConfiguration;
			buildSettings = {
				MACOSX_DEPLOYMENT_TARGET = 10.11;
				SDKROOT = macosx;
			};
			name = Debug;
		};
		598C4A325D407D11F2ED8205 /* Release */ = {
			isa = XCBuildConfiguration;
			buildSettings = {
				CLANG_CXX_LANGUAGE_STANDARD = "c++14";
				CLANG_CXX_LIBRARY = "libc++";
				CLANG_LINK_OBJC_RUNTIME = NO;
				CODE_SIGN_IDENTITY = "";
				COMBINE_HIDPI_IMAGES = YES;
				CONFIGURATION_BUILD_DIR = "$(PROJECT_DIR)/build/$(CONFIGURATION)";
				DEAD_CODE_STRIPPING = YES;
				GCC_GENERATE_DEBUGGING_SYMBOLS = NO;
				GCC_OPTIMIZATION_LEVEL = 3;
				GCC_PREPROCESSOR_DEFINITIONS = (
					"_NDEBUG=1",
					"NDEBUG=1",
					"PIP_JUCE_EXAMPLES_DIRECTORY=L1VzZXJzL21pY2hhZWxjYXRlcmlzYW5vL0pVQ0UvZXhhbXBsZXM=",
					"JUCER_XCODE_MAC_F6D2F4CF=1",
					"JUCE_APP_VERSION=1.0.0",
					"JUCE_APP_VERSION_HEX=0x10000",
					"JucePlugin_Build_VST=0",
					"JucePlugin_Build_VST3=1",
					"JucePlugin_Build_AU=1",
					"JucePlugin_Build_AUv3=0",
					"JucePlugin_Build_RTAS=0",
					"JucePlugin_Build_AAX=0",
					"JucePlugin_Build_Standalone=1",
					"JucePlugin_Build_Unity=0",
					"JUCE_DISPLAY_SPLASH_SCREEN=1",
					"JUCE_USE_DARK_SPLASH_SCREEN=1",
					"JUCE_PROJUCER_VERSION=0x60000",
					"JUCE_MODULE_AVAILABLE_juce_audio_basics=1",
					"JUCE_MODULE_AVAILABLE_juce_audio_devices=1",
					"JUCE_MODULE_AVAILABLE_juce_audio_formats=1",
					"JUCE_MODULE_AVAILABLE_juce_audio_plugin_client=1",
					"JUCE_MODULE_AVAILABLE_juce_audio_processors=1",
					"JUCE_MODULE_AVAILABLE_juce_audio_utils=1",
					"JUCE_MODULE_AVAILABLE_juce_core=1",
					"JUCE_MODULE_AVAILABLE_juce_data_structures=1",
					"JUCE_MODULE_AVAILABLE_juce_events=1",
					"JUCE_MODULE_AVAILABLE_juce_graphics=1",
					"JUCE_MODULE_AVAILABLE_juce_gui_basics=1",
					"JUCE_MODULE_AVAILABLE_juce_gui_extra=1",
					"JUCE_GLOBAL_MODULE_SETTINGS_INCLUDED=1",
					"JUCE_VST3_CAN_REPLACE_VST2=0",
					"JUCE_STRICT_REFCOUNTEDPOINTER=1",
					"JucePlugin_Enable_IAA=0",
					"JucePlugin_Name=\\\"ArpeggiatorPlugin\\\"",
					"JucePlugin_Desc=\\\"ArpeggiatorPlugin\\\"",
					"JucePlugin_Manufacturer=\\\"JUCE\\\"",
					"JucePlugin_ManufacturerWebsite=\\\"http://juce.com\\\"",
					"JucePlugin_ManufacturerEmail=\\\"\\\"",
					"JucePlugin_ManufacturerCode=0x4d616e75",
					"JucePlugin_PluginCode=0x52636562",
					"JucePlugin_IsSynth=0",
					"JucePlugin_WantsMidiInput=1",
					"JucePlugin_ProducesMidiOutput=1",
					"JucePlugin_IsMidiEffect=1",
					"JucePlugin_EditorRequiresKeyboardFocus=0",
					"JucePlugin_Version=1.0.0",
					"JucePlugin_VersionCode=0x10000",
					"JucePlugin_VersionString=\\\"1.0.0\\\"",
					"JucePlugin_VSTUniqueID=JucePlugin_PluginCode",
					"JucePlugin_VSTCategory=kPlugCategEffect",
					"JucePlugin_Vst3Category=\\\"Fx\\\"",
					"JucePlugin_AUMainType='aumi'",
					"JucePlugin_AUSubType=JucePlugin_PluginCode",
					"JucePlugin_AUExportPrefix=ArpeggiatorPluginAU",
					"JucePlugin_AUExportPrefixQuoted=\\\"ArpeggiatorPluginAU\\\"",
					"JucePlugin_AUManufacturerCode=JucePlugin_ManufacturerCode",
					"JucePlugin_CFBundleIdentifier=com.JUCE.ArpeggiatorPlugin",
					"JucePlugin_RTASCategory=0",
					"JucePlugin_RTASManufacturerCode=JucePlugin_ManufacturerCode",
					"JucePlugin_RTASProductId=JucePlugin_PluginCode",
					"JucePlugin_RTASDisableBypass=0",
					"JucePlugin_RTASDisableMultiMono=0",
					"JucePlugin_AAXIdentifier=com.JUCE.ArpeggiatorPlugin",
					"JucePlugin_AAXManufacturerCode=JucePlugin_ManufacturerCode",
					"JucePlugin_AAXProductId=JucePlugin_PluginCode",
					"JucePlugin_AAXCategory=0",
					"JucePlugin_AAXDisableBypass=0",
					"JucePlugin_AAXDisableMultiMono=0",
					"JucePlugin_IAAType=0x6175726d",
					"JucePlugin_IAASubType=JucePlugin_PluginCode",
					"JucePlugin_IAAName=\\\"JUCE:\\ ArpeggiatorPlugin\\\"",
					"JucePlugin_VSTNumMidiInputs=16",
					"JucePlugin_VSTNumMidiOutputs=16",
					"JUCE_STANDALONE_APPLICATION=JucePlugin_Build_Standalone",
				);
				GCC_VERSION = com.apple.compilers.llvm.clang.1_0;
				HEADER_SEARCH_PATHS = (
					/Users/michaelcaterisano/JUCE/modules/juce_audio_processors/format_types/VST3_SDK,
					../../JuceLibraryCode,
					/Users/michaelcaterisano/JUCE/modules,
					/Users/michaelcaterisano/JUCE/modules/juce_audio_plugin_client,
					"$(inherited)",
				);
				INFOPLIST_FILE = "Info-Standalone_Plugin.plist";
				INFOPLIST_PREPROCESS = NO;
				LLVM_LTO = YES;
				MACOSX_DEPLOYMENT_TARGET = 10.11;
				OTHER_LDFLAGS = "-lArpeggiatorPlugin";
				PRODUCT_BUNDLE_IDENTIFIER = com.JUCE.ArpeggiatorPlugin;
				PRODUCT_NAME = ArpeggiatorPlugin;
				USE_HEADERMAP = NO;
			};
			name = Release;
		};
		6F47F5365F66FBF7C708114A /* Release */ = {
			isa = XCBuildConfiguration;
			buildSettings = {
				MACOSX_DEPLOYMENT_TARGET = 10.11;
				SDKROOT = macosx;
			};
			name = Release;
		};
		717E7C8582ED23E62D69B922 /* Debug */ = {
			isa = XCBuildConfiguration;
			buildSettings = {
				CLANG_CXX_LANGUAGE_STANDARD = "c++14";
				CLANG_CXX_LIBRARY = "libc++";
				CLANG_LINK_OBJC_RUNTIME = NO;
				CODE_SIGN_IDENTITY = "";
				COMBINE_HIDPI_IMAGES = YES;
				CONFIGURATION_BUILD_DIR = "$(PROJECT_DIR)/build/$(CONFIGURATION)";
				COPY_PHASE_STRIP = NO;
				DEPLOYMENT_LOCATION = YES;
				DSTROOT = /;
				GCC_DYNAMIC_NO_PIC = NO;
				GCC_OPTIMIZATION_LEVEL = 0;
				GCC_PREPROCESSOR_DEFINITIONS = (
					"_DEBUG=1",
					"DEBUG=1",
					"PIP_JUCE_EXAMPLES_DIRECTORY=L1VzZXJzL21pY2hhZWxjYXRlcmlzYW5vL0pVQ0UvZXhhbXBsZXM=",
					"JUCER_XCODE_MAC_F6D2F4CF=1",
					"JUCE_APP_VERSION=1.0.0",
					"JUCE_APP_VERSION_HEX=0x10000",
					"JucePlugin_Build_VST=0",
					"JucePlugin_Build_VST3=1",
					"JucePlugin_Build_AU=1",
					"JucePlugin_Build_AUv3=0",
					"JucePlugin_Build_RTAS=0",
					"JucePlugin_Build_AAX=0",
					"JucePlugin_Build_Standalone=1",
					"JucePlugin_Build_Unity=0",
					"JUCE_DISPLAY_SPLASH_SCREEN=1",
					"JUCE_USE_DARK_SPLASH_SCREEN=1",
					"JUCE_PROJUCER_VERSION=0x60000",
					"JUCE_MODULE_AVAILABLE_juce_audio_basics=1",
					"JUCE_MODULE_AVAILABLE_juce_audio_devices=1",
					"JUCE_MODULE_AVAILABLE_juce_audio_formats=1",
					"JUCE_MODULE_AVAILABLE_juce_audio_plugin_client=1",
					"JUCE_MODULE_AVAILABLE_juce_audio_processors=1",
					"JUCE_MODULE_AVAILABLE_juce_audio_utils=1",
					"JUCE_MODULE_AVAILABLE_juce_core=1",
					"JUCE_MODULE_AVAILABLE_juce_data_structures=1",
					"JUCE_MODULE_AVAILABLE_juce_events=1",
					"JUCE_MODULE_AVAILABLE_juce_graphics=1",
					"JUCE_MODULE_AVAILABLE_juce_gui_basics=1",
					"JUCE_MODULE_AVAILABLE_juce_gui_extra=1",
					"JUCE_GLOBAL_MODULE_SETTINGS_INCLUDED=1",
					"JUCE_VST3_CAN_REPLACE_VST2=0",
					"JUCE_STRICT_REFCOUNTEDPOINTER=1",
					"JucePlugin_Enable_IAA=0",
					"JucePlugin_Name=\\\"ArpeggiatorPlugin\\\"",
					"JucePlugin_Desc=\\\"ArpeggiatorPlugin\\\"",
					"JucePlugin_Manufacturer=\\\"JUCE\\\"",
					"JucePlugin_ManufacturerWebsite=\\\"http://juce.com\\\"",
					"JucePlugin_ManufacturerEmail=\\\"\\\"",
					"JucePlugin_ManufacturerCode=0x4d616e75",
					"JucePlugin_PluginCode=0x52636562",
					"JucePlugin_IsSynth=0",
					"JucePlugin_WantsMidiInput=1",
					"JucePlugin_ProducesMidiOutput=1",
					"JucePlugin_IsMidiEffect=1",
					"JucePlugin_EditorRequiresKeyboardFocus=0",
					"JucePlugin_Version=1.0.0",
					"JucePlugin_VersionCode=0x10000",
					"JucePlugin_VersionString=\\\"1.0.0\\\"",
					"JucePlugin_VSTUniqueID=JucePlugin_PluginCode",
					"JucePlugin_VSTCategory=kPlugCategEffect",
					"JucePlugin_Vst3Category=\\\"Fx\\\"",
					"JucePlugin_AUMainType='aumi'",
					"JucePlugin_AUSubType=JucePlugin_PluginCode",
					"JucePlugin_AUExportPrefix=ArpeggiatorPluginAU",
					"JucePlugin_AUExportPrefixQuoted=\\\"ArpeggiatorPluginAU\\\"",
					"JucePlugin_AUManufacturerCode=JucePlugin_ManufacturerCode",
					"JucePlugin_CFBundleIdentifier=com.JUCE.ArpeggiatorPlugin",
					"JucePlugin_RTASCategory=0",
					"JucePlugin_RTASManufacturerCode=JucePlugin_ManufacturerCode",
					"JucePlugin_RTASProductId=JucePlugin_PluginCode",
					"JucePlugin_RTASDisableBypass=0",
					"JucePlugin_RTASDisableMultiMono=0",
					"JucePlugin_AAXIdentifier=com.JUCE.ArpeggiatorPlugin",
					"JucePlugin_AAXManufacturerCode=JucePlugin_ManufacturerCode",
					"JucePlugin_AAXProductId=JucePlugin_PluginCode",
					"JucePlugin_AAXCategory=0",
					"JucePlugin_AAXDisableBypass=0",
					"JucePlugin_AAXDisableMultiMono=0",
					"JucePlugin_IAAType=0x6175726d",
					"JucePlugin_IAASubType=JucePlugin_PluginCode",
					"JucePlugin_IAAName=\\\"JUCE:\\ ArpeggiatorPlugin\\\"",
					"JucePlugin_VSTNumMidiInputs=16",
					"JucePlugin_VSTNumMidiOutputs=16",
					"JUCE_STANDALONE_APPLICATION=JucePlugin_Build_Standalone",
				);
				GCC_VERSION = com.apple.compilers.llvm.clang.1_0;
				GENERATE_PKGINFO_FILE = YES;
				HEADER_SEARCH_PATHS = (
					/Users/michaelcaterisano/JUCE/modules/juce_audio_processors/format_types/VST3_SDK,
					../../JuceLibraryCode,
					/Users/michaelcaterisano/JUCE/modules,
					/Users/michaelcaterisano/JUCE/modules/juce_audio_plugin_client,
					"$(inherited)",
				);
				INFOPLIST_FILE = "Info-AU.plist";
				INFOPLIST_PREPROCESS = NO;
				INSTALL_PATH = "$(HOME)/Library/Audio/Plug-Ins/Components/";
				LIBRARY_STYLE = Bundle;
				MACOSX_DEPLOYMENT_TARGET = 10.11;
				OTHER_LDFLAGS = (
					"-bundle",
					"-lArpeggiatorPlugin",
				);
				OTHER_REZFLAGS = "-d ppc_$ppc -d i386_$i386 -d ppc64_$ppc64 -d x86_64_$x86_64 -I /System/Library/Frameworks/CoreServices.framework/Frameworks/CarbonCore.framework/Versions/A/Headers -I \"$(DEVELOPER_DIR)/Extras/CoreAudio/AudioUnits/AUPublic/AUBase\" -I \"$(DEVELOPER_DIR)/Platforms/MacOSX.platform/Developer/SDKs/MacOSX.sdk/System/Library/Frameworks/AudioUnit.framework/Headers\"";
				PRODUCT_BUNDLE_IDENTIFIER = com.JUCE.ArpeggiatorPlugin;
				PRODUCT_NAME = ArpeggiatorPlugin;
				USE_HEADERMAP = NO;
				WRAPPER_EXTENSION = component;
			};
			name = Debug;
		};
		756EEE7FE95778D6607B84AE /* Release */ = {
			isa = XCBuildConfiguration;
			buildSettings = {
				ALWAYS_SEARCH_USER_PATHS = NO;
				CLANG_ENABLE_OBJC_WEAK = YES;
				CLANG_WARN_BLOCK_CAPTURE_AUTORELEASING = YES;
				CLANG_WARN_BOOL_CONVERSION = YES;
				CLANG_WARN_COMMA = YES;
				CLANG_WARN_CONSTANT_CONVERSION = YES;
				CLANG_WARN_DEPRECATED_OBJC_IMPLEMENTATIONS = YES;
				CLANG_WARN_EMPTY_BODY = YES;
				CLANG_WARN_ENUM_CONVERSION = YES;
				CLANG_WARN_INFINITE_RECURSION = YES;
				CLANG_WARN_INT_CONVERSION = YES;
				CLANG_WARN_NON_LITERAL_NULL_CONVERSION = YES;
				CLANG_WARN_OBJC_IMPLICIT_RETAIN_SELF = YES;
				CLANG_WARN_OBJC_LITERAL_CONVERSION = YES;
				CLANG_WARN_RANGE_LOOP_ANALYSIS = YES;
				CLANG_WARN_STRICT_PROTOTYPES = YES;
				CLANG_WARN_SUSPICIOUS_MOVE = YES;
				CLANG_WARN_UNREACHABLE_CODE = YES;
				CLANG_WARN__DUPLICATE_METHOD_MATCH = YES;
				CODE_SIGN_IDENTITY = "";
				DEBUG_INFORMATION_FORMAT = dwarf;
				ENABLE_STRICT_OBJC_MSGSEND = YES;
				ENABLE_TESTABILITY = NO;
				GCC_C_LANGUAGE_STANDARD = c11;
				GCC_INLINES_ARE_PRIVATE_EXTERN = YES;
				GCC_MODEL_TUNING = G5;
				GCC_NO_COMMON_BLOCKS = YES;
				GCC_SYMBOLS_PRIVATE_EXTERN = YES;
				GCC_WARN_64_TO_32_BIT_CONVERSION = YES;
				GCC_WARN_ABOUT_RETURN_TYPE = YES;
				GCC_WARN_CHECK_SWITCH_STATEMENTS = YES;
				GCC_WARN_MISSING_PARENTHESES = YES;
				GCC_WARN_NON_VIRTUAL_DESTRUCTOR = YES;
				GCC_WARN_TYPECHECK_CALLS_TO_PRINTF = YES;
				GCC_WARN_UNDECLARED_SELECTOR = YES;
				GCC_WARN_UNINITIALIZED_AUTOS = YES;
				GCC_WARN_UNUSED_FUNCTION = YES;
				GCC_WARN_UNUSED_VARIABLE = YES;
				PRODUCT_NAME = ArpeggiatorPlugin;
				SDKROOT = macosx;
				WARNING_CFLAGS = "-Wreorder";
				ZERO_LINK = NO;
			};
			name = Release;
		};
		B23DA396F16AA894C11E914E /* Debug */ = {
			isa = XCBuildConfiguration;
			buildSettings = {
				ALWAYS_SEARCH_USER_PATHS = NO;
				CLANG_ENABLE_OBJC_WEAK = YES;
				CLANG_WARN_BLOCK_CAPTURE_AUTORELEASING = YES;
				CLANG_WARN_BOOL_CONVERSION = YES;
				CLANG_WARN_COMMA = YES;
				CLANG_WARN_CONSTANT_CONVERSION = YES;
				CLANG_WARN_DEPRECATED_OBJC_IMPLEMENTATIONS = YES;
				CLANG_WARN_EMPTY_BODY = YES;
				CLANG_WARN_ENUM_CONVERSION = YES;
				CLANG_WARN_INFINITE_RECURSION = YES;
				CLANG_WARN_INT_CONVERSION = YES;
				CLANG_WARN_NON_LITERAL_NULL_CONVERSION = YES;
				CLANG_WARN_OBJC_IMPLICIT_RETAIN_SELF = YES;
				CLANG_WARN_OBJC_LITERAL_CONVERSION = YES;
				CLANG_WARN_RANGE_LOOP_ANALYSIS = YES;
				CLANG_WARN_STRICT_PROTOTYPES = YES;
				CLANG_WARN_SUSPICIOUS_MOVE = YES;
				CLANG_WARN_UNREACHABLE_CODE = YES;
				CLANG_WARN__DUPLICATE_METHOD_MATCH = YES;
				CODE_SIGN_IDENTITY = "";
				DEBUG_INFORMATION_FORMAT = dwarf;
				ENABLE_STRICT_OBJC_MSGSEND = YES;
				ENABLE_TESTABILITY = NO;
				GCC_C_LANGUAGE_STANDARD = c11;
				GCC_INLINES_ARE_PRIVATE_EXTERN = YES;
				GCC_MODEL_TUNING = G5;
				GCC_NO_COMMON_BLOCKS = YES;
				GCC_SYMBOLS_PRIVATE_EXTERN = YES;
				GCC_WARN_64_TO_32_BIT_CONVERSION = YES;
				GCC_WARN_ABOUT_RETURN_TYPE = YES;
				GCC_WARN_CHECK_SWITCH_STATEMENTS = YES;
				GCC_WARN_MISSING_PARENTHESES = YES;
				GCC_WARN_NON_VIRTUAL_DESTRUCTOR = YES;
				GCC_WARN_TYPECHECK_CALLS_TO_PRINTF = YES;
				GCC_WARN_UNDECLARED_SELECTOR = YES;
				GCC_WARN_UNINITIALIZED_AUTOS = YES;
				GCC_WARN_UNUSED_FUNCTION = YES;
				GCC_WARN_UNUSED_VARIABLE = YES;
				ONLY_ACTIVE_ARCH = YES;
				PRODUCT_NAME = ArpeggiatorPlugin;
				SDKROOT = macosx;
				WARNING_CFLAGS = "-Wreorder";
				ZERO_LINK = NO;
			};
			name = Debug;
		};
		C279FC5530582A2605626F48 /* Release */ = {
			isa = XCBuildConfiguration;
			buildSettings = {
				CLANG_CXX_LANGUAGE_STANDARD = "c++14";
				CLANG_CXX_LIBRARY = "libc++";
				CLANG_LINK_OBJC_RUNTIME = NO;
				CODE_SIGN_IDENTITY = "";
				COMBINE_HIDPI_IMAGES = YES;
				CONFIGURATION_BUILD_DIR = "$(PROJECT_DIR)/build/$(CONFIGURATION)";
				DEAD_CODE_STRIPPING = YES;
				DEPLOYMENT_LOCATION = YES;
				DSTROOT = /;
				GCC_GENERATE_DEBUGGING_SYMBOLS = NO;
				GCC_OPTIMIZATION_LEVEL = 3;
				GCC_PREPROCESSOR_DEFINITIONS = (
					"_NDEBUG=1",
					"NDEBUG=1",
					"PIP_JUCE_EXAMPLES_DIRECTORY=L1VzZXJzL21pY2hhZWxjYXRlcmlzYW5vL0pVQ0UvZXhhbXBsZXM=",
					"JUCER_XCODE_MAC_F6D2F4CF=1",
					"JUCE_APP_VERSION=1.0.0",
					"JUCE_APP_VERSION_HEX=0x10000",
					"JucePlugin_Build_VST=0",
					"JucePlugin_Build_VST3=1",
					"JucePlugin_Build_AU=1",
					"JucePlugin_Build_AUv3=0",
					"JucePlugin_Build_RTAS=0",
					"JucePlugin_Build_AAX=0",
					"JucePlugin_Build_Standalone=1",
					"JucePlugin_Build_Unity=0",
					"JUCE_DISPLAY_SPLASH_SCREEN=1",
					"JUCE_USE_DARK_SPLASH_SCREEN=1",
					"JUCE_PROJUCER_VERSION=0x60000",
					"JUCE_MODULE_AVAILABLE_juce_audio_basics=1",
					"JUCE_MODULE_AVAILABLE_juce_audio_devices=1",
					"JUCE_MODULE_AVAILABLE_juce_audio_formats=1",
					"JUCE_MODULE_AVAILABLE_juce_audio_plugin_client=1",
					"JUCE_MODULE_AVAILABLE_juce_audio_processors=1",
					"JUCE_MODULE_AVAILABLE_juce_audio_utils=1",
					"JUCE_MODULE_AVAILABLE_juce_core=1",
					"JUCE_MODULE_AVAILABLE_juce_data_structures=1",
					"JUCE_MODULE_AVAILABLE_juce_events=1",
					"JUCE_MODULE_AVAILABLE_juce_graphics=1",
					"JUCE_MODULE_AVAILABLE_juce_gui_basics=1",
					"JUCE_MODULE_AVAILABLE_juce_gui_extra=1",
					"JUCE_GLOBAL_MODULE_SETTINGS_INCLUDED=1",
					"JUCE_VST3_CAN_REPLACE_VST2=0",
					"JUCE_STRICT_REFCOUNTEDPOINTER=1",
					"JucePlugin_Enable_IAA=0",
					"JucePlugin_Name=\\\"ArpeggiatorPlugin\\\"",
					"JucePlugin_Desc=\\\"ArpeggiatorPlugin\\\"",
					"JucePlugin_Manufacturer=\\\"JUCE\\\"",
					"JucePlugin_ManufacturerWebsite=\\\"http://juce.com\\\"",
					"JucePlugin_ManufacturerEmail=\\\"\\\"",
					"JucePlugin_ManufacturerCode=0x4d616e75",
					"JucePlugin_PluginCode=0x52636562",
					"JucePlugin_IsSynth=0",
					"JucePlugin_WantsMidiInput=1",
					"JucePlugin_ProducesMidiOutput=1",
					"JucePlugin_IsMidiEffect=1",
					"JucePlugin_EditorRequiresKeyboardFocus=0",
					"JucePlugin_Version=1.0.0",
					"JucePlugin_VersionCode=0x10000",
					"JucePlugin_VersionString=\\\"1.0.0\\\"",
					"JucePlugin_VSTUniqueID=JucePlugin_PluginCode",
					"JucePlugin_VSTCategory=kPlugCategEffect",
					"JucePlugin_Vst3Category=\\\"Fx\\\"",
					"JucePlugin_AUMainType='aumi'",
					"JucePlugin_AUSubType=JucePlugin_PluginCode",
					"JucePlugin_AUExportPrefix=ArpeggiatorPluginAU",
					"JucePlugin_AUExportPrefixQuoted=\\\"ArpeggiatorPluginAU\\\"",
					"JucePlugin_AUManufacturerCode=JucePlugin_ManufacturerCode",
					"JucePlugin_CFBundleIdentifier=com.JUCE.ArpeggiatorPlugin",
					"JucePlugin_RTASCategory=0",
					"JucePlugin_RTASManufacturerCode=JucePlugin_ManufacturerCode",
					"JucePlugin_RTASProductId=JucePlugin_PluginCode",
					"JucePlugin_RTASDisableBypass=0",
					"JucePlugin_RTASDisableMultiMono=0",
					"JucePlugin_AAXIdentifier=com.JUCE.ArpeggiatorPlugin",
					"JucePlugin_AAXManufacturerCode=JucePlugin_ManufacturerCode",
					"JucePlugin_AAXProductId=JucePlugin_PluginCode",
					"JucePlugin_AAXCategory=0",
					"JucePlugin_AAXDisableBypass=0",
					"JucePlugin_AAXDisableMultiMono=0",
					"JucePlugin_IAAType=0x6175726d",
					"JucePlugin_IAASubType=JucePlugin_PluginCode",
					"JucePlugin_IAAName=\\\"JUCE:\\ ArpeggiatorPlugin\\\"",
					"JucePlugin_VSTNumMidiInputs=16",
					"JucePlugin_VSTNumMidiOutputs=16",
					"JUCE_STANDALONE_APPLICATION=JucePlugin_Build_Standalone",
				);
				GCC_VERSION = com.apple.compilers.llvm.clang.1_0;
				GENERATE_PKGINFO_FILE = YES;
				HEADER_SEARCH_PATHS = (
					/Users/michaelcaterisano/JUCE/modules/juce_audio_processors/format_types/VST3_SDK,
					../../JuceLibraryCode,
					/Users/michaelcaterisano/JUCE/modules,
					/Users/michaelcaterisano/JUCE/modules/juce_audio_plugin_client,
					"$(inherited)",
				);
				INFOPLIST_FILE = "Info-VST3.plist";
				INFOPLIST_PREPROCESS = NO;
				INSTALL_PATH = "$(HOME)/Library/Audio/Plug-Ins/VST3/";
				LIBRARY_STYLE = Bundle;
				LLVM_LTO = YES;
				MACOSX_DEPLOYMENT_TARGET = 10.11;
				OTHER_LDFLAGS = (
					"-bundle",
					"-lArpeggiatorPlugin",
				);
				PRODUCT_BUNDLE_IDENTIFIER = com.JUCE.ArpeggiatorPlugin;
				PRODUCT_NAME = ArpeggiatorPlugin;
				USE_HEADERMAP = NO;
				WRAPPER_EXTENSION = vst3;
			};
			name = Release;
		};
		D75BEB7A0ED62E5E7968E370 /* Release */ = {
			isa = XCBuildConfiguration;
			buildSettings = {
				CLANG_CXX_LANGUAGE_STANDARD = "c++14";
				CLANG_CXX_LIBRARY = "libc++";
				CLANG_LINK_OBJC_RUNTIME = NO;
				CODE_SIGN_IDENTITY = "";
				COMBINE_HIDPI_IMAGES = YES;
				CONFIGURATION_BUILD_DIR = "$(PROJECT_DIR)/build/$(CONFIGURATION)";
				DEAD_CODE_STRIPPING = YES;
				DEPLOYMENT_LOCATION = YES;
				DSTROOT = /;
				GCC_GENERATE_DEBUGGING_SYMBOLS = NO;
				GCC_OPTIMIZATION_LEVEL = 3;
				GCC_PREPROCESSOR_DEFINITIONS = (
					"_NDEBUG=1",
					"NDEBUG=1",
					"PIP_JUCE_EXAMPLES_DIRECTORY=L1VzZXJzL21pY2hhZWxjYXRlcmlzYW5vL0pVQ0UvZXhhbXBsZXM=",
					"JUCER_XCODE_MAC_F6D2F4CF=1",
					"JUCE_APP_VERSION=1.0.0",
					"JUCE_APP_VERSION_HEX=0x10000",
					"JucePlugin_Build_VST=0",
					"JucePlugin_Build_VST3=1",
					"JucePlugin_Build_AU=1",
					"JucePlugin_Build_AUv3=0",
					"JucePlugin_Build_RTAS=0",
					"JucePlugin_Build_AAX=0",
					"JucePlugin_Build_Standalone=1",
					"JucePlugin_Build_Unity=0",
					"JUCE_DISPLAY_SPLASH_SCREEN=1",
					"JUCE_USE_DARK_SPLASH_SCREEN=1",
					"JUCE_PROJUCER_VERSION=0x60000",
					"JUCE_MODULE_AVAILABLE_juce_audio_basics=1",
					"JUCE_MODULE_AVAILABLE_juce_audio_devices=1",
					"JUCE_MODULE_AVAILABLE_juce_audio_formats=1",
					"JUCE_MODULE_AVAILABLE_juce_audio_plugin_client=1",
					"JUCE_MODULE_AVAILABLE_juce_audio_processors=1",
					"JUCE_MODULE_AVAILABLE_juce_audio_utils=1",
					"JUCE_MODULE_AVAILABLE_juce_core=1",
					"JUCE_MODULE_AVAILABLE_juce_data_structures=1",
					"JUCE_MODULE_AVAILABLE_juce_events=1",
					"JUCE_MODULE_AVAILABLE_juce_graphics=1",
					"JUCE_MODULE_AVAILABLE_juce_gui_basics=1",
					"JUCE_MODULE_AVAILABLE_juce_gui_extra=1",
					"JUCE_GLOBAL_MODULE_SETTINGS_INCLUDED=1",
					"JUCE_VST3_CAN_REPLACE_VST2=0",
					"JUCE_STRICT_REFCOUNTEDPOINTER=1",
					"JucePlugin_Enable_IAA=0",
					"JucePlugin_Name=\\\"ArpeggiatorPlugin\\\"",
					"JucePlugin_Desc=\\\"ArpeggiatorPlugin\\\"",
					"JucePlugin_Manufacturer=\\\"JUCE\\\"",
					"JucePlugin_ManufacturerWebsite=\\\"http://juce.com\\\"",
					"JucePlugin_ManufacturerEmail=\\\"\\\"",
					"JucePlugin_ManufacturerCode=0x4d616e75",
					"JucePlugin_PluginCode=0x52636562",
					"JucePlugin_IsSynth=0",
					"JucePlugin_WantsMidiInput=1",
					"JucePlugin_ProducesMidiOutput=1",
					"JucePlugin_IsMidiEffect=1",
					"JucePlugin_EditorRequiresKeyboardFocus=0",
					"JucePlugin_Version=1.0.0",
					"JucePlugin_VersionCode=0x10000",
					"JucePlugin_VersionString=\\\"1.0.0\\\"",
					"JucePlugin_VSTUniqueID=JucePlugin_PluginCode",
					"JucePlugin_VSTCategory=kPlugCategEffect",
					"JucePlugin_Vst3Category=\\\"Fx\\\"",
					"JucePlugin_AUMainType='aumi'",
					"JucePlugin_AUSubType=JucePlugin_PluginCode",
					"JucePlugin_AUExportPrefix=ArpeggiatorPluginAU",
					"JucePlugin_AUExportPrefixQuoted=\\\"ArpeggiatorPluginAU\\\"",
					"JucePlugin_AUManufacturerCode=JucePlugin_ManufacturerCode",
					"JucePlugin_CFBundleIdentifier=com.JUCE.ArpeggiatorPlugin",
					"JucePlugin_RTASCategory=0",
					"JucePlugin_RTASManufacturerCode=JucePlugin_ManufacturerCode",
					"JucePlugin_RTASProductId=JucePlugin_PluginCode",
					"JucePlugin_RTASDisableBypass=0",
					"JucePlugin_RTASDisableMultiMono=0",
					"JucePlugin_AAXIdentifier=com.JUCE.ArpeggiatorPlugin",
					"JucePlugin_AAXManufacturerCode=JucePlugin_ManufacturerCode",
					"JucePlugin_AAXProductId=JucePlugin_PluginCode",
					"JucePlugin_AAXCategory=0",
					"JucePlugin_AAXDisableBypass=0",
					"JucePlugin_AAXDisableMultiMono=0",
					"JucePlugin_IAAType=0x6175726d",
					"JucePlugin_IAASubType=JucePlugin_PluginCode",
					"JucePlugin_IAAName=\\\"JUCE:\\ ArpeggiatorPlugin\\\"",
					"JucePlugin_VSTNumMidiInputs=16",
					"JucePlugin_VSTNumMidiOutputs=16",
					"JUCE_STANDALONE_APPLICATION=JucePlugin_Build_Standalone",
				);
				GCC_VERSION = com.apple.compilers.llvm.clang.1_0;
				GENERATE_PKGINFO_FILE = YES;
				HEADER_SEARCH_PATHS = (
					/Users/michaelcaterisano/JUCE/modules/juce_audio_processors/format_types/VST3_SDK,
					../../JuceLibraryCode,
					/Users/michaelcaterisano/JUCE/modules,
					/Users/michaelcaterisano/JUCE/modules/juce_audio_plugin_client,
					"$(inherited)",
				);
				INFOPLIST_FILE = "Info-AU.plist";
				INFOPLIST_PREPROCESS = NO;
				INSTALL_PATH = "$(HOME)/Library/Audio/Plug-Ins/Components/";
				LIBRARY_STYLE = Bundle;
				LLVM_LTO = YES;
				MACOSX_DEPLOYMENT_TARGET = 10.11;
				OTHER_LDFLAGS = (
					"-bundle",
					"-lArpeggiatorPlugin",
				);
				OTHER_REZFLAGS = "-d ppc_$ppc -d i386_$i386 -d ppc64_$ppc64 -d x86_64_$x86_64 -I /System/Library/Frameworks/CoreServices.framework/Frameworks/CarbonCore.framework/Versions/A/Headers -I \"$(DEVELOPER_DIR)/Extras/CoreAudio/AudioUnits/AUPublic/AUBase\" -I \"$(DEVELOPER_DIR)/Platforms/MacOSX.platform/Developer/SDKs/MacOSX.sdk/System/Library/Frameworks/AudioUnit.framework/Headers\"";
				PRODUCT_BUNDLE_IDENTIFIER = com.JUCE.ArpeggiatorPlugin;
				PRODUCT_NAME = ArpeggiatorPlugin;
				USE_HEADERMAP = NO;
				WRAPPER_EXTENSION = component;
			};
			name = Release;
		};
		D773A189EA7431B6A53C2EDE /* Debug */ = {
			isa = XCBuildConfiguration;
			buildSettings = {
				CLANG_CXX_LANGUAGE_STANDARD = "c++14";
				CLANG_CXX_LIBRARY = "libc++";
				CLANG_LINK_OBJC_RUNTIME = NO;
				CODE_SIGN_IDENTITY = "";
				COMBINE_HIDPI_IMAGES = YES;
				CONFIGURATION_BUILD_DIR = "$(PROJECT_DIR)/build/$(CONFIGURATION)";
				COPY_PHASE_STRIP = NO;
				DEPLOYMENT_LOCATION = YES;
				DSTROOT = /;
				GCC_DYNAMIC_NO_PIC = NO;
				GCC_OPTIMIZATION_LEVEL = 0;
				GCC_PREPROCESSOR_DEFINITIONS = (
					"_DEBUG=1",
					"DEBUG=1",
					"PIP_JUCE_EXAMPLES_DIRECTORY=L1VzZXJzL21pY2hhZWxjYXRlcmlzYW5vL0pVQ0UvZXhhbXBsZXM=",
					"JUCER_XCODE_MAC_F6D2F4CF=1",
					"JUCE_APP_VERSION=1.0.0",
					"JUCE_APP_VERSION_HEX=0x10000",
					"JucePlugin_Build_VST=0",
					"JucePlugin_Build_VST3=1",
					"JucePlugin_Build_AU=1",
					"JucePlugin_Build_AUv3=0",
					"JucePlugin_Build_RTAS=0",
					"JucePlugin_Build_AAX=0",
					"JucePlugin_Build_Standalone=1",
					"JucePlugin_Build_Unity=0",
					"JUCE_DISPLAY_SPLASH_SCREEN=1",
					"JUCE_USE_DARK_SPLASH_SCREEN=1",
					"JUCE_PROJUCER_VERSION=0x60000",
					"JUCE_MODULE_AVAILABLE_juce_audio_basics=1",
					"JUCE_MODULE_AVAILABLE_juce_audio_devices=1",
					"JUCE_MODULE_AVAILABLE_juce_audio_formats=1",
					"JUCE_MODULE_AVAILABLE_juce_audio_plugin_client=1",
					"JUCE_MODULE_AVAILABLE_juce_audio_processors=1",
					"JUCE_MODULE_AVAILABLE_juce_audio_utils=1",
					"JUCE_MODULE_AVAILABLE_juce_core=1",
					"JUCE_MODULE_AVAILABLE_juce_data_structures=1",
					"JUCE_MODULE_AVAILABLE_juce_events=1",
					"JUCE_MODULE_AVAILABLE_juce_graphics=1",
					"JUCE_MODULE_AVAILABLE_juce_gui_basics=1",
					"JUCE_MODULE_AVAILABLE_juce_gui_extra=1",
					"JUCE_GLOBAL_MODULE_SETTINGS_INCLUDED=1",
					"JUCE_VST3_CAN_REPLACE_VST2=0",
					"JUCE_STRICT_REFCOUNTEDPOINTER=1",
					"JucePlugin_Enable_IAA=0",
					"JucePlugin_Name=\\\"ArpeggiatorPlugin\\\"",
					"JucePlugin_Desc=\\\"ArpeggiatorPlugin\\\"",
					"JucePlugin_Manufacturer=\\\"JUCE\\\"",
					"JucePlugin_ManufacturerWebsite=\\\"http://juce.com\\\"",
					"JucePlugin_ManufacturerEmail=\\\"\\\"",
					"JucePlugin_ManufacturerCode=0x4d616e75",
					"JucePlugin_PluginCode=0x52636562",
					"JucePlugin_IsSynth=0",
					"JucePlugin_WantsMidiInput=1",
					"JucePlugin_ProducesMidiOutput=1",
					"JucePlugin_IsMidiEffect=1",
					"JucePlugin_EditorRequiresKeyboardFocus=0",
					"JucePlugin_Version=1.0.0",
					"JucePlugin_VersionCode=0x10000",
					"JucePlugin_VersionString=\\\"1.0.0\\\"",
					"JucePlugin_VSTUniqueID=JucePlugin_PluginCode",
					"JucePlugin_VSTCategory=kPlugCategEffect",
					"JucePlugin_Vst3Category=\\\"Fx\\\"",
					"JucePlugin_AUMainType='aumi'",
					"JucePlugin_AUSubType=JucePlugin_PluginCode",
					"JucePlugin_AUExportPrefix=ArpeggiatorPluginAU",
					"JucePlugin_AUExportPrefixQuoted=\\\"ArpeggiatorPluginAU\\\"",
					"JucePlugin_AUManufacturerCode=JucePlugin_ManufacturerCode",
					"JucePlugin_CFBundleIdentifier=com.JUCE.ArpeggiatorPlugin",
					"JucePlugin_RTASCategory=0",
					"JucePlugin_RTASManufacturerCode=JucePlugin_ManufacturerCode",
					"JucePlugin_RTASProductId=JucePlugin_PluginCode",
					"JucePlugin_RTASDisableBypass=0",
					"JucePlugin_RTASDisableMultiMono=0",
					"JucePlugin_AAXIdentifier=com.JUCE.ArpeggiatorPlugin",
					"JucePlugin_AAXManufacturerCode=JucePlugin_ManufacturerCode",
					"JucePlugin_AAXProductId=JucePlugin_PluginCode",
					"JucePlugin_AAXCategory=0",
					"JucePlugin_AAXDisableBypass=0",
					"JucePlugin_AAXDisableMultiMono=0",
					"JucePlugin_IAAType=0x6175726d",
					"JucePlugin_IAASubType=JucePlugin_PluginCode",
					"JucePlugin_IAAName=\\\"JUCE:\\ ArpeggiatorPlugin\\\"",
					"JucePlugin_VSTNumMidiInputs=16",
					"JucePlugin_VSTNumMidiOutputs=16",
					"JUCE_STANDALONE_APPLICATION=JucePlugin_Build_Standalone",
				);
				GCC_VERSION = com.apple.compilers.llvm.clang.1_0;
				GENERATE_PKGINFO_FILE = YES;
				HEADER_SEARCH_PATHS = (
					/Users/michaelcaterisano/JUCE/modules/juce_audio_processors/format_types/VST3_SDK,
					../../JuceLibraryCode,
					/Users/michaelcaterisano/JUCE/modules,
					/Users/michaelcaterisano/JUCE/modules/juce_audio_plugin_client,
					"$(inherited)",
				);
				INFOPLIST_FILE = "Info-VST3.plist";
				INFOPLIST_PREPROCESS = NO;
				INSTALL_PATH = "$(HOME)/Library/Audio/Plug-Ins/VST3/";
				LIBRARY_STYLE = Bundle;
				MACOSX_DEPLOYMENT_TARGET = 10.11;
				OTHER_LDFLAGS = (
					"-bundle",
					"-lArpeggiatorPlugin",
				);
				PRODUCT_BUNDLE_IDENTIFIER = com.JUCE.ArpeggiatorPlugin;
				PRODUCT_NAME = ArpeggiatorPlugin;
				USE_HEADERMAP = NO;
				WRAPPER_EXTENSION = vst3;
			};
			name = Debug;
		};
		F10E4A6D26A8DEF950A50F03 /* Debug */ = {
			isa = XCBuildConfiguration;
			buildSettings = {
				CLANG_CXX_LANGUAGE_STANDARD = "c++14";
				CLANG_CXX_LIBRARY = "libc++";
				CLANG_LINK_OBJC_RUNTIME = NO;
				CODE_SIGN_IDENTITY = "";
				COMBINE_HIDPI_IMAGES = YES;
				CONFIGURATION_BUILD_DIR = "$(PROJECT_DIR)/build/$(CONFIGURATION)";
				COPY_PHASE_STRIP = NO;
				GCC_DYNAMIC_NO_PIC = NO;
				GCC_OPTIMIZATION_LEVEL = 0;
				GCC_PREPROCESSOR_DEFINITIONS = (
					"_DEBUG=1",
					"DEBUG=1",
					"PIP_JUCE_EXAMPLES_DIRECTORY=L1VzZXJzL21pY2hhZWxjYXRlcmlzYW5vL0pVQ0UvZXhhbXBsZXM=",
					"JUCER_XCODE_MAC_F6D2F4CF=1",
					"JUCE_APP_VERSION=1.0.0",
					"JUCE_APP_VERSION_HEX=0x10000",
					"JucePlugin_Build_VST=0",
					"JucePlugin_Build_VST3=1",
					"JucePlugin_Build_AU=1",
					"JucePlugin_Build_AUv3=0",
					"JucePlugin_Build_RTAS=0",
					"JucePlugin_Build_AAX=0",
					"JucePlugin_Build_Standalone=1",
					"JucePlugin_Build_Unity=0",
					"JUCE_DISPLAY_SPLASH_SCREEN=1",
					"JUCE_USE_DARK_SPLASH_SCREEN=1",
					"JUCE_PROJUCER_VERSION=0x60000",
					"JUCE_MODULE_AVAILABLE_juce_audio_basics=1",
					"JUCE_MODULE_AVAILABLE_juce_audio_devices=1",
					"JUCE_MODULE_AVAILABLE_juce_audio_formats=1",
					"JUCE_MODULE_AVAILABLE_juce_audio_plugin_client=1",
					"JUCE_MODULE_AVAILABLE_juce_audio_processors=1",
					"JUCE_MODULE_AVAILABLE_juce_audio_utils=1",
					"JUCE_MODULE_AVAILABLE_juce_core=1",
					"JUCE_MODULE_AVAILABLE_juce_data_structures=1",
					"JUCE_MODULE_AVAILABLE_juce_events=1",
					"JUCE_MODULE_AVAILABLE_juce_graphics=1",
					"JUCE_MODULE_AVAILABLE_juce_gui_basics=1",
					"JUCE_MODULE_AVAILABLE_juce_gui_extra=1",
					"JUCE_GLOBAL_MODULE_SETTINGS_INCLUDED=1",
					"JUCE_VST3_CAN_REPLACE_VST2=0",
					"JUCE_STRICT_REFCOUNTEDPOINTER=1",
					"JucePlugin_Enable_IAA=0",
					"JucePlugin_Name=\\\"ArpeggiatorPlugin\\\"",
					"JucePlugin_Desc=\\\"ArpeggiatorPlugin\\\"",
					"JucePlugin_Manufacturer=\\\"JUCE\\\"",
					"JucePlugin_ManufacturerWebsite=\\\"http://juce.com\\\"",
					"JucePlugin_ManufacturerEmail=\\\"\\\"",
					"JucePlugin_ManufacturerCode=0x4d616e75",
					"JucePlugin_PluginCode=0x52636562",
					"JucePlugin_IsSynth=0",
					"JucePlugin_WantsMidiInput=1",
					"JucePlugin_ProducesMidiOutput=1",
					"JucePlugin_IsMidiEffect=1",
					"JucePlugin_EditorRequiresKeyboardFocus=0",
					"JucePlugin_Version=1.0.0",
					"JucePlugin_VersionCode=0x10000",
					"JucePlugin_VersionString=\\\"1.0.0\\\"",
					"JucePlugin_VSTUniqueID=JucePlugin_PluginCode",
					"JucePlugin_VSTCategory=kPlugCategEffect",
					"JucePlugin_Vst3Category=\\\"Fx\\\"",
					"JucePlugin_AUMainType='aumi'",
					"JucePlugin_AUSubType=JucePlugin_PluginCode",
					"JucePlugin_AUExportPrefix=ArpeggiatorPluginAU",
					"JucePlugin_AUExportPrefixQuoted=\\\"ArpeggiatorPluginAU\\\"",
					"JucePlugin_AUManufacturerCode=JucePlugin_ManufacturerCode",
					"JucePlugin_CFBundleIdentifier=com.JUCE.ArpeggiatorPlugin",
					"JucePlugin_RTASCategory=0",
					"JucePlugin_RTASManufacturerCode=JucePlugin_ManufacturerCode",
					"JucePlugin_RTASProductId=JucePlugin_PluginCode",
					"JucePlugin_RTASDisableBypass=0",
					"JucePlugin_RTASDisableMultiMono=0",
					"JucePlugin_AAXIdentifier=com.JUCE.ArpeggiatorPlugin",
					"JucePlugin_AAXManufacturerCode=JucePlugin_ManufacturerCode",
					"JucePlugin_AAXProductId=JucePlugin_PluginCode",
					"JucePlugin_AAXCategory=0",
					"JucePlugin_AAXDisableBypass=0",
					"JucePlugin_AAXDisableMultiMono=0",
					"JucePlugin_IAAType=0x6175726d",
					"JucePlugin_IAASubType=JucePlugin_PluginCode",
					"JucePlugin_IAAName=\\\"JUCE:\\ ArpeggiatorPlugin\\\"",
					"JucePlugin_VSTNumMidiInputs=16",
					"JucePlugin_VSTNumMidiOutputs=16",
					"JUCE_STANDALONE_APPLICATION=JucePlugin_Build_Standalone",
				);
				GCC_VERSION = com.apple.compilers.llvm.clang.1_0;
				HEADER_SEARCH_PATHS = (
					/Users/michaelcaterisano/JUCE/modules/juce_audio_processors/format_types/VST3_SDK,
					../../JuceLibraryCode,
					/Users/michaelcaterisano/JUCE/modules,
					/Users/michaelcaterisano/JUCE/modules/juce_audio_plugin_client,
					"$(inherited)",
				);
				INFOPLIST_FILE = "Info-Standalone_Plugin.plist";
				INFOPLIST_PREPROCESS = NO;
				MACOSX_DEPLOYMENT_TARGET = 10.11;
				OTHER_LDFLAGS = "-lArpeggiatorPlugin";
				PRODUCT_BUNDLE_IDENTIFIER = com.JUCE.ArpeggiatorPlugin;
				PRODUCT_NAME = ArpeggiatorPlugin;
				USE_HEADERMAP = NO;
			};
			name = Debug;
		};
		F25547DA9E5BD126C3D5D246 /* Release */ = {
			isa = XCBuildConfiguration;
			buildSettings = {
				CLANG_CXX_LANGUAGE_STANDARD = "c++14";
				CLANG_CXX_LIBRARY = "libc++";
				CLANG_LINK_OBJC_RUNTIME = NO;
				CODE_SIGN_IDENTITY = "";
				COMBINE_HIDPI_IMAGES = YES;
				CONFIGURATION_BUILD_DIR = "$(PROJECT_DIR)/build/$(CONFIGURATION)";
				DEAD_CODE_STRIPPING = YES;
				GCC_GENERATE_DEBUGGING_SYMBOLS = NO;
				GCC_OPTIMIZATION_LEVEL = 3;
				GCC_PREPROCESSOR_DEFINITIONS = (
					"_NDEBUG=1",
					"NDEBUG=1",
					"PIP_JUCE_EXAMPLES_DIRECTORY=L1VzZXJzL21pY2hhZWxjYXRlcmlzYW5vL0pVQ0UvZXhhbXBsZXM=",
					"JUCER_XCODE_MAC_F6D2F4CF=1",
					"JUCE_APP_VERSION=1.0.0",
					"JUCE_APP_VERSION_HEX=0x10000",
					"JucePlugin_Build_VST=0",
					"JucePlugin_Build_VST3=1",
					"JucePlugin_Build_AU=1",
					"JucePlugin_Build_AUv3=0",
					"JucePlugin_Build_RTAS=0",
					"JucePlugin_Build_AAX=0",
					"JucePlugin_Build_Standalone=1",
					"JucePlugin_Build_Unity=0",
					"JUCE_SHARED_CODE=1",
					"JUCE_DISPLAY_SPLASH_SCREEN=1",
					"JUCE_USE_DARK_SPLASH_SCREEN=1",
					"JUCE_PROJUCER_VERSION=0x60000",
					"JUCE_MODULE_AVAILABLE_juce_audio_basics=1",
					"JUCE_MODULE_AVAILABLE_juce_audio_devices=1",
					"JUCE_MODULE_AVAILABLE_juce_audio_formats=1",
					"JUCE_MODULE_AVAILABLE_juce_audio_plugin_client=1",
					"JUCE_MODULE_AVAILABLE_juce_audio_processors=1",
					"JUCE_MODULE_AVAILABLE_juce_audio_utils=1",
					"JUCE_MODULE_AVAILABLE_juce_core=1",
					"JUCE_MODULE_AVAILABLE_juce_data_structures=1",
					"JUCE_MODULE_AVAILABLE_juce_events=1",
					"JUCE_MODULE_AVAILABLE_juce_graphics=1",
					"JUCE_MODULE_AVAILABLE_juce_gui_basics=1",
					"JUCE_MODULE_AVAILABLE_juce_gui_extra=1",
					"JUCE_GLOBAL_MODULE_SETTINGS_INCLUDED=1",
					"JUCE_VST3_CAN_REPLACE_VST2=0",
					"JUCE_STRICT_REFCOUNTEDPOINTER=1",
					"JucePlugin_Enable_IAA=0",
					"JucePlugin_Name=\\\"ArpeggiatorPlugin\\\"",
					"JucePlugin_Desc=\\\"ArpeggiatorPlugin\\\"",
					"JucePlugin_Manufacturer=\\\"JUCE\\\"",
					"JucePlugin_ManufacturerWebsite=\\\"http://juce.com\\\"",
					"JucePlugin_ManufacturerEmail=\\\"\\\"",
					"JucePlugin_ManufacturerCode=0x4d616e75",
					"JucePlugin_PluginCode=0x52636562",
					"JucePlugin_IsSynth=0",
					"JucePlugin_WantsMidiInput=1",
					"JucePlugin_ProducesMidiOutput=1",
					"JucePlugin_IsMidiEffect=1",
					"JucePlugin_EditorRequiresKeyboardFocus=0",
					"JucePlugin_Version=1.0.0",
					"JucePlugin_VersionCode=0x10000",
					"JucePlugin_VersionString=\\\"1.0.0\\\"",
					"JucePlugin_VSTUniqueID=JucePlugin_PluginCode",
					"JucePlugin_VSTCategory=kPlugCategEffect",
					"JucePlugin_Vst3Category=\\\"Fx\\\"",
					"JucePlugin_AUMainType='aumi'",
					"JucePlugin_AUSubType=JucePlugin_PluginCode",
					"JucePlugin_AUExportPrefix=ArpeggiatorPluginAU",
					"JucePlugin_AUExportPrefixQuoted=\\\"ArpeggiatorPluginAU\\\"",
					"JucePlugin_AUManufacturerCode=JucePlugin_ManufacturerCode",
					"JucePlugin_CFBundleIdentifier=com.JUCE.ArpeggiatorPlugin",
					"JucePlugin_RTASCategory=0",
					"JucePlugin_RTASManufacturerCode=JucePlugin_ManufacturerCode",
					"JucePlugin_RTASProductId=JucePlugin_PluginCode",
					"JucePlugin_RTASDisableBypass=0",
					"JucePlugin_RTASDisableMultiMono=0",
					"JucePlugin_AAXIdentifier=com.JUCE.ArpeggiatorPlugin",
					"JucePlugin_AAXManufacturerCode=JucePlugin_ManufacturerCode",
					"JucePlugin_AAXProductId=JucePlugin_PluginCode",
					"JucePlugin_AAXCategory=0",
					"JucePlugin_AAXDisableBypass=0",
					"JucePlugin_AAXDisableMultiMono=0",
					"JucePlugin_IAAType=0x6175726d",
					"JucePlugin_IAASubType=JucePlugin_PluginCode",
					"JucePlugin_IAAName=\\\"JUCE:\\ ArpeggiatorPlugin\\\"",
					"JucePlugin_VSTNumMidiInputs=16",
					"JucePlugin_VSTNumMidiOutputs=16",
					"JUCE_STANDALONE_APPLICATION=JucePlugin_Build_Standalone",
				);
				GCC_VERSION = com.apple.compilers.llvm.clang.1_0;
				HEADER_SEARCH_PATHS = (
					/Users/michaelcaterisano/JUCE/modules/juce_audio_processors/format_types/VST3_SDK,
					../../JuceLibraryCode,
					/Users/michaelcaterisano/JUCE/modules,
					/Users/michaelcaterisano/JUCE/modules/juce_audio_plugin_client,
					"$(inherited)",
				);
				INSTALL_PATH = "@executable_path/../Frameworks";
				LLVM_LTO = YES;
				MACOSX_DEPLOYMENT_TARGET = 10.11;
				PRODUCT_BUNDLE_IDENTIFIER = com.JUCE.ArpeggiatorPlugin;
				PRODUCT_NAME = ArpeggiatorPlugin;
				SKIP_INSTALL = YES;
				USE_HEADERMAP = NO;
			};
			name = Release;
		};
/* End XCBuildConfiguration section */

/* Begin XCConfigurationList section */
		22CEAD64263DE55A652227F8 /* Build configuration list for PBXProject "ArpeggiatorPlugin" */ = {
			isa = XCConfigurationList;
			buildConfigurations = (
				B23DA396F16AA894C11E914E /* Debug */,
				756EEE7FE95778D6607B84AE /* Release */,
			);
			defaultConfigurationIsVisible = 0;
			defaultConfigurationName = Debug;
		};
		26A25654A25A69A877E8A1B2 /* Build configuration list for PBXNativeTarget "ArpeggiatorPlugin - AU" */ = {
			isa = XCConfigurationList;
			buildConfigurations = (
				717E7C8582ED23E62D69B922 /* Debug */,
				D75BEB7A0ED62E5E7968E370 /* Release */,
			);
			defaultConfigurationIsVisible = 0;
			defaultConfigurationName = Debug;
		};
		49A40E46AD7C5681D72A38E8 /* Build configuration list for PBXAggregateTarget "ArpeggiatorPlugin - All" */ = {
			isa = XCConfigurationList;
			buildConfigurations = (
				3D35EDBAD343D318A54B6869 /* Debug */,
				6F47F5365F66FBF7C708114A /* Release */,
			);
			defaultConfigurationIsVisible = 0;
			defaultConfigurationName = Debug;
		};
		619CA38E2C7297595199BE88 /* Build configuration list for PBXNativeTarget "ArpeggiatorPlugin - Standalone Plugin" */ = {
			isa = XCConfigurationList;
			buildConfigurations = (
				F10E4A6D26A8DEF950A50F03 /* Debug */,
				598C4A325D407D11F2ED8205 /* Release */,
			);
			defaultConfigurationIsVisible = 0;
			defaultConfigurationName = Debug;
		};
		64B5E64D1525508F36B9C357 /* Build configuration list for PBXNativeTarget "ArpeggiatorPlugin - VST3" */ = {
			isa = XCConfigurationList;
			buildConfigurations = (
				D773A189EA7431B6A53C2EDE /* Debug */,
				C279FC5530582A2605626F48 /* Release */,
			);
			defaultConfigurationIsVisible = 0;
			defaultConfigurationName = Debug;
		};
		7CF46D0B6DDA2489AADA24A8 /* Build configuration list for PBXNativeTarget "ArpeggiatorPlugin - Shared Code" */ = {
			isa = XCConfigurationList;
			buildConfigurations = (
				3123DA4E4F9EDEDF9B64C0AD /* Debug */,
				F25547DA9E5BD126C3D5D246 /* Release */,
			);
			defaultConfigurationIsVisible = 0;
			defaultConfigurationName = Debug;
		};
/* End XCConfigurationList section */
	};
	rootObject = 37E20947DE5E365ED0E5CB0B /* Project object */;
}
